// !$*UTF8*$!
{
	archiveVersion = 1;
	classes = {
	};
	objectVersion = 56;
	objects = {

/* Begin PBXBuildFile section */
		8E0A0E3A2A0C004F00B2AFA4 /* Model.swift in Sources */ = {isa = PBXBuildFile; fileRef = 8E0A0E392A0C004F00B2AFA4 /* Model.swift */; };
		8E0A0E3C2A0C013900B2AFA4 /* ViewModel.swift in Sources */ = {isa = PBXBuildFile; fileRef = 8E0A0E3B2A0C013900B2AFA4 /* ViewModel.swift */; };
		8E1047FF2A0BB7B5001CD2C2 /* SpaceStuffApp.swift in Sources */ = {isa = PBXBuildFile; fileRef = 8E1047FE2A0BB7B5001CD2C2 /* SpaceStuffApp.swift */; };
		8E1048012A0BB7B5001CD2C2 /* ContentView.swift in Sources */ = {isa = PBXBuildFile; fileRef = 8E1048002A0BB7B5001CD2C2 /* ContentView.swift */; };
		8E1048032A0BB7B5001CD2C2 /* Assets.xcassets in Resources */ = {isa = PBXBuildFile; fileRef = 8E1048022A0BB7B5001CD2C2 /* Assets.xcassets */; };
		8E1048072A0BB7B5001CD2C2 /* Preview Assets.xcassets in Resources */ = {isa = PBXBuildFile; fileRef = 8E1048062A0BB7B5001CD2C2 /* Preview Assets.xcassets */; };
		8E10480E2A0BB842001CD2C2 /* habitat.reality in Resources */ = {isa = PBXBuildFile; fileRef = 8E10480D2A0BB842001CD2C2 /* habitat.reality */; };
		8E1048112A0BB867001CD2C2 /* suit.reality in Resources */ = {isa = PBXBuildFile; fileRef = 8E10480F2A0BB867001CD2C2 /* suit.reality */; };
		8E1048122A0BB867001CD2C2 /* rover.reality in Resources */ = {isa = PBXBuildFile; fileRef = 8E1048102A0BB867001CD2C2 /* rover.reality */; };
		8E1048142A0BBB39001CD2C2 /* Container.swift in Sources */ = {isa = PBXBuildFile; fileRef = 8E1048132A0BBB39001CD2C2 /* Container.swift */; };
		8E1048182A0BBD0A001CD2C2 /* ARKit.framework in Frameworks */ = {isa = PBXBuildFile; fileRef = 8E1048172A0BBD0A001CD2C2 /* ARKit.framework */; platformFilter = ios; };
		8E10481B2A0BCBCE001CD2C2 /* robot.usdz in Resources */ = {isa = PBXBuildFile; fileRef = 8E1048192A0BCBCE001CD2C2 /* robot.usdz */; };
		8E10481C2A0BCBCE001CD2C2 /* car.usdz in Resources */ = {isa = PBXBuildFile; fileRef = 8E10481A2A0BCBCE001CD2C2 /* car.usdz */; };
/* End PBXBuildFile section */

/* Begin PBXFileReference section */
		8E0A0E392A0C004F00B2AFA4 /* Model.swift */ = {isa = PBXFileReference; lastKnownFileType = sourcecode.swift; path = Model.swift; sourceTree = "<group>"; };
		8E0A0E3B2A0C013900B2AFA4 /* ViewModel.swift */ = {isa = PBXFileReference; lastKnownFileType = sourcecode.swift; path = ViewModel.swift; sourceTree = "<group>"; };
		8E1047FB2A0BB7B5001CD2C2 /* SpaceStuff.app */ = {isa = PBXFileReference; explicitFileType = wrapper.application; includeInIndex = 0; path = SpaceStuff.app; sourceTree = BUILT_PRODUCTS_DIR; };
		8E1047FE2A0BB7B5001CD2C2 /* SpaceStuffApp.swift */ = {isa = PBXFileReference; lastKnownFileType = sourcecode.swift; path = SpaceStuffApp.swift; sourceTree = "<group>"; };
		8E1048002A0BB7B5001CD2C2 /* ContentView.swift */ = {isa = PBXFileReference; lastKnownFileType = sourcecode.swift; path = ContentView.swift; sourceTree = "<group>"; };
		8E1048022A0BB7B5001CD2C2 /* Assets.xcassets */ = {isa = PBXFileReference; lastKnownFileType = folder.assetcatalog; path = Assets.xcassets; sourceTree = "<group>"; };
		8E1048042A0BB7B5001CD2C2 /* SpaceStuff.entitlements */ = {isa = PBXFileReference; lastKnownFileType = text.plist.entitlements; path = SpaceStuff.entitlements; sourceTree = "<group>"; };
		8E1048062A0BB7B5001CD2C2 /* Preview Assets.xcassets */ = {isa = PBXFileReference; lastKnownFileType = folder.assetcatalog; path = "Preview Assets.xcassets"; sourceTree = "<group>"; };
		8E10480D2A0BB842001CD2C2 /* habitat.reality */ = {isa = PBXFileReference; lastKnownFileType = file; path = habitat.reality; sourceTree = "<group>"; };
		8E10480F2A0BB867001CD2C2 /* suit.reality */ = {isa = PBXFileReference; lastKnownFileType = file; path = suit.reality; sourceTree = "<group>"; };
		8E1048102A0BB867001CD2C2 /* rover.reality */ = {isa = PBXFileReference; lastKnownFileType = file; path = rover.reality; sourceTree = "<group>"; };
		8E1048132A0BBB39001CD2C2 /* Container.swift */ = {isa = PBXFileReference; lastKnownFileType = sourcecode.swift; path = Container.swift; sourceTree = "<group>"; };
		8E1048152A0BBCEA001CD2C2 /* Info.plist */ = {isa = PBXFileReference; lastKnownFileType = text.plist; path = Info.plist; sourceTree = "<group>"; };
		8E1048172A0BBD0A001CD2C2 /* ARKit.framework */ = {isa = PBXFileReference; lastKnownFileType = wrapper.framework; name = ARKit.framework; path = Platforms/iPhoneOS.platform/Developer/SDKs/iPhoneOS16.4.sdk/System/Library/Frameworks/ARKit.framework; sourceTree = DEVELOPER_DIR; };
		8E1048192A0BCBCE001CD2C2 /* robot.usdz */ = {isa = PBXFileReference; lastKnownFileType = file.usdz; path = robot.usdz; sourceTree = "<group>"; };
		8E10481A2A0BCBCE001CD2C2 /* car.usdz */ = {isa = PBXFileReference; lastKnownFileType = file.usdz; path = car.usdz; sourceTree = "<group>"; };
/* End PBXFileReference section */

/* Begin PBXFrameworksBuildPhase section */
		8E1047F82A0BB7B5001CD2C2 /* Frameworks */ = {
			isa = PBXFrameworksBuildPhase;
			buildActionMask = 2147483647;
			files = (
				8E1048182A0BBD0A001CD2C2 /* ARKit.framework in Frameworks */,
			);
			runOnlyForDeploymentPostprocessing = 0;
		};
/* End PBXFrameworksBuildPhase section */

/* Begin PBXGroup section */
		8E1047F22A0BB7B5001CD2C2 = {
			isa = PBXGroup;
			children = (
				8E1047FD2A0BB7B5001CD2C2 /* SpaceStuff */,
				8E1047FC2A0BB7B5001CD2C2 /* Products */,
				8E1048162A0BBD0A001CD2C2 /* Frameworks */,
			);
			sourceTree = "<group>";
		};
		8E1047FC2A0BB7B5001CD2C2 /* Products */ = {
			isa = PBXGroup;
			children = (
				8E1047FB2A0BB7B5001CD2C2 /* SpaceStuff.app */,
			);
			name = Products;
			sourceTree = "<group>";
		};
		8E1047FD2A0BB7B5001CD2C2 /* SpaceStuff */ = {
			isa = PBXGroup;
			children = (
				8E1048152A0BBCEA001CD2C2 /* Info.plist */,
				8E10481A2A0BCBCE001CD2C2 /* car.usdz */,
				8E1048192A0BCBCE001CD2C2 /* robot.usdz */,
				8E10480D2A0BB842001CD2C2 /* habitat.reality */,
				8E1048102A0BB867001CD2C2 /* rover.reality */,
				8E10480F2A0BB867001CD2C2 /* suit.reality */,
				8E1047FE2A0BB7B5001CD2C2 /* SpaceStuffApp.swift */,
				8E1048002A0BB7B5001CD2C2 /* ContentView.swift */,
				8E1048022A0BB7B5001CD2C2 /* Assets.xcassets */,
				8E1048042A0BB7B5001CD2C2 /* SpaceStuff.entitlements */,
				8E1048052A0BB7B5001CD2C2 /* Preview Content */,
				8E1048132A0BBB39001CD2C2 /* Container.swift */,
				8E0A0E392A0C004F00B2AFA4 /* Model.swift */,
				8E0A0E3B2A0C013900B2AFA4 /* ViewModel.swift */,
			);
			path = SpaceStuff;
			sourceTree = "<group>";
		};
		8E1048052A0BB7B5001CD2C2 /* Preview Content */ = {
			isa = PBXGroup;
			children = (
				8E1048062A0BB7B5001CD2C2 /* Preview Assets.xcassets */,
			);
			path = "Preview Content";
			sourceTree = "<group>";
		};
		8E1048162A0BBD0A001CD2C2 /* Frameworks */ = {
			isa = PBXGroup;
			children = (
				8E1048172A0BBD0A001CD2C2 /* ARKit.framework */,
			);
			name = Frameworks;
			sourceTree = "<group>";
		};
/* End PBXGroup section */

/* Begin PBXNativeTarget section */
		8E1047FA2A0BB7B5001CD2C2 /* SpaceStuff */ = {
			isa = PBXNativeTarget;
			buildConfigurationList = 8E10480A2A0BB7B5001CD2C2 /* Build configuration list for PBXNativeTarget "SpaceStuff" */;
			buildPhases = (
				8E1047F72A0BB7B5001CD2C2 /* Sources */,
				8E1047F82A0BB7B5001CD2C2 /* Frameworks */,
				8E1047F92A0BB7B5001CD2C2 /* Resources */,
			);
			buildRules = (
			);
			dependencies = (
			);
			name = SpaceStuff;
			productName = SpaceStuff;
			productReference = 8E1047FB2A0BB7B5001CD2C2 /* SpaceStuff.app */;
			productType = "com.apple.product-type.application";
		};
/* End PBXNativeTarget section */

/* Begin PBXProject section */
		8E1047F32A0BB7B5001CD2C2 /* Project object */ = {
			isa = PBXProject;
			attributes = {
				BuildIndependentTargetsInParallel = 1;
				LastSwiftUpdateCheck = 1430;
				LastUpgradeCheck = 1430;
				TargetAttributes = {
					8E1047FA2A0BB7B5001CD2C2 = {
						CreatedOnToolsVersion = 14.3;
					};
				};
			};
			buildConfigurationList = 8E1047F62A0BB7B5001CD2C2 /* Build configuration list for PBXProject "SpaceStuff" */;
			compatibilityVersion = "Xcode 14.0";
			developmentRegion = en;
			hasScannedForEncodings = 0;
			knownRegions = (
				en,
				Base,
			);
			mainGroup = 8E1047F22A0BB7B5001CD2C2;
			productRefGroup = 8E1047FC2A0BB7B5001CD2C2 /* Products */;
			projectDirPath = "";
			projectRoot = "";
			targets = (
				8E1047FA2A0BB7B5001CD2C2 /* SpaceStuff */,
			);
		};
/* End PBXProject section */

/* Begin PBXResourcesBuildPhase section */
		8E1047F92A0BB7B5001CD2C2 /* Resources */ = {
			isa = PBXResourcesBuildPhase;
			buildActionMask = 2147483647;
			files = (
				8E1048072A0BB7B5001CD2C2 /* Preview Assets.xcassets in Resources */,
				8E1048112A0BB867001CD2C2 /* suit.reality in Resources */,
				8E1048032A0BB7B5001CD2C2 /* Assets.xcassets in Resources */,
				8E10480E2A0BB842001CD2C2 /* habitat.reality in Resources */,
				8E10481B2A0BCBCE001CD2C2 /* robot.usdz in Resources */,
				8E10481C2A0BCBCE001CD2C2 /* car.usdz in Resources */,
				8E1048122A0BB867001CD2C2 /* rover.reality in Resources */,
			);
			runOnlyForDeploymentPostprocessing = 0;
		};
/* End PBXResourcesBuildPhase section */

/* Begin PBXSourcesBuildPhase section */
		8E1047F72A0BB7B5001CD2C2 /* Sources */ = {
			isa = PBXSourcesBuildPhase;
			buildActionMask = 2147483647;
			files = (
				8E0A0E3C2A0C013900B2AFA4 /* ViewModel.swift in Sources */,
				8E1048142A0BBB39001CD2C2 /* Container.swift in Sources */,
				8E1048012A0BB7B5001CD2C2 /* ContentView.swift in Sources */,
				8E1047FF2A0BB7B5001CD2C2 /* SpaceStuffApp.swift in Sources */,
				8E0A0E3A2A0C004F00B2AFA4 /* Model.swift in Sources */,
			);
			runOnlyForDeploymentPostprocessing = 0;
		};
/* End PBXSourcesBuildPhase section */

/* Begin XCBuildConfiguration section */
		8E1048082A0BB7B5001CD2C2 /* Debug */ = {
			isa = XCBuildConfiguration;
			buildSettings = {
				ALWAYS_SEARCH_USER_PATHS = NO;
				CLANG_ANALYZER_NONNULL = YES;
				CLANG_ANALYZER_NUMBER_OBJECT_CONVERSION = YES_AGGRESSIVE;
				CLANG_CXX_LANGUAGE_STANDARD = "gnu++20";
				CLANG_ENABLE_MODULES = YES;
				CLANG_ENABLE_OBJC_ARC = YES;
				CLANG_ENABLE_OBJC_WEAK = YES;
				CLANG_WARN_BLOCK_CAPTURE_AUTORELEASING = YES;
				CLANG_WARN_BOOL_CONVERSION = YES;
				CLANG_WARN_COMMA = YES;
				CLANG_WARN_CONSTANT_CONVERSION = YES;
				CLANG_WARN_DEPRECATED_OBJC_IMPLEMENTATIONS = YES;
				CLANG_WARN_DIRECT_OBJC_ISA_USAGE = YES_ERROR;
				CLANG_WARN_DOCUMENTATION_COMMENTS = YES;
				CLANG_WARN_EMPTY_BODY = YES;
				CLANG_WARN_ENUM_CONVERSION = YES;
				CLANG_WARN_INFINITE_RECURSION = YES;
				CLANG_WARN_INT_CONVERSION = YES;
				CLANG_WARN_NON_LITERAL_NULL_CONVERSION = YES;
				CLANG_WARN_OBJC_IMPLICIT_RETAIN_SELF = YES;
				CLANG_WARN_OBJC_LITERAL_CONVERSION = YES;
				CLANG_WARN_OBJC_ROOT_CLASS = YES_ERROR;
				CLANG_WARN_QUOTED_INCLUDE_IN_FRAMEWORK_HEADER = YES;
				CLANG_WARN_RANGE_LOOP_ANALYSIS = YES;
				CLANG_WARN_STRICT_PROTOTYPES = YES;
				CLANG_WARN_SUSPICIOUS_MOVE = YES;
				CLANG_WARN_UNGUARDED_AVAILABILITY = YES_AGGRESSIVE;
				CLANG_WARN_UNREACHABLE_CODE = YES;
				CLANG_WARN__DUPLICATE_METHOD_MATCH = YES;
				COPY_PHASE_STRIP = NO;
				DEBUG_INFORMATION_FORMAT = dwarf;
				ENABLE_STRICT_OBJC_MSGSEND = YES;
				ENABLE_TESTABILITY = YES;
				GCC_C_LANGUAGE_STANDARD = gnu11;
				GCC_DYNAMIC_NO_PIC = NO;
				GCC_NO_COMMON_BLOCKS = YES;
				GCC_OPTIMIZATION_LEVEL = 0;
				GCC_PREPROCESSOR_DEFINITIONS = (
					"DEBUG=1",
					"$(inherited)",
				);
				GCC_WARN_64_TO_32_BIT_CONVERSION = YES;
				GCC_WARN_ABOUT_RETURN_TYPE = YES_ERROR;
				GCC_WARN_UNDECLARED_SELECTOR = YES;
				GCC_WARN_UNINITIALIZED_AUTOS = YES_AGGRESSIVE;
				GCC_WARN_UNUSED_FUNCTION = YES;
				GCC_WARN_UNUSED_VARIABLE = YES;
				MTL_ENABLE_DEBUG_INFO = INCLUDE_SOURCE;
				MTL_FAST_MATH = YES;
				ONLY_ACTIVE_ARCH = YES;
				SWIFT_ACTIVE_COMPILATION_CONDITIONS = DEBUG;
				SWIFT_OPTIMIZATION_LEVEL = "-Onone";
			};
			name = Debug;
		};
		8E1048092A0BB7B5001CD2C2 /* Release */ = {
			isa = XCBuildConfiguration;
			buildSettings = {
				ALWAYS_SEARCH_USER_PATHS = NO;
				CLANG_ANALYZER_NONNULL = YES;
				CLANG_ANALYZER_NUMBER_OBJECT_CONVERSION = YES_AGGRESSIVE;
				CLANG_CXX_LANGUAGE_STANDARD = "gnu++20";
				CLANG_ENABLE_MODULES = YES;
				CLANG_ENABLE_OBJC_ARC = YES;
				CLANG_ENABLE_OBJC_WEAK = YES;
				CLANG_WARN_BLOCK_CAPTURE_AUTORELEASING = YES;
				CLANG_WARN_BOOL_CONVERSION = YES;
				CLANG_WARN_COMMA = YES;
				CLANG_WARN_CONSTANT_CONVERSION = YES;
				CLANG_WARN_DEPRECATED_OBJC_IMPLEMENTATIONS = YES;
				CLANG_WARN_DIRECT_OBJC_ISA_USAGE = YES_ERROR;
				CLANG_WARN_DOCUMENTATION_COMMENTS = YES;
				CLANG_WARN_EMPTY_BODY = YES;
				CLANG_WARN_ENUM_CONVERSION = YES;
				CLANG_WARN_INFINITE_RECURSION = YES;
				CLANG_WARN_INT_CONVERSION = YES;
				CLANG_WARN_NON_LITERAL_NULL_CONVERSION = YES;
				CLANG_WARN_OBJC_IMPLICIT_RETAIN_SELF = YES;
				CLANG_WARN_OBJC_LITERAL_CONVERSION = YES;
				CLANG_WARN_OBJC_ROOT_CLASS = YES_ERROR;
				CLANG_WARN_QUOTED_INCLUDE_IN_FRAMEWORK_HEADER = YES;
				CLANG_WARN_RANGE_LOOP_ANALYSIS = YES;
				CLANG_WARN_STRICT_PROTOTYPES = YES;
				CLANG_WARN_SUSPICIOUS_MOVE = YES;
				CLANG_WARN_UNGUARDED_AVAILABILITY = YES_AGGRESSIVE;
				CLANG_WARN_UNREACHABLE_CODE = YES;
				CLANG_WARN__DUPLICATE_METHOD_MATCH = YES;
				COPY_PHASE_STRIP = NO;
				DEBUG_INFORMATION_FORMAT = "dwarf-with-dsym";
				ENABLE_NS_ASSERTIONS = NO;
				ENABLE_STRICT_OBJC_MSGSEND = YES;
				GCC_C_LANGUAGE_STANDARD = gnu11;
				GCC_NO_COMMON_BLOCKS = YES;
				GCC_WARN_64_TO_32_BIT_CONVERSION = YES;
				GCC_WARN_ABOUT_RETURN_TYPE = YES_ERROR;
				GCC_WARN_UNDECLARED_SELECTOR = YES;
				GCC_WARN_UNINITIALIZED_AUTOS = YES_AGGRESSIVE;
				GCC_WARN_UNUSED_FUNCTION = YES;
				GCC_WARN_UNUSED_VARIABLE = YES;
				MTL_ENABLE_DEBUG_INFO = NO;
				MTL_FAST_MATH = YES;
				SWIFT_COMPILATION_MODE = wholemodule;
				SWIFT_OPTIMIZATION_LEVEL = "-O";
			};
			name = Release;
		};
		8E10480B2A0BB7B5001CD2C2 /* Debug */ = {
			isa = XCBuildConfiguration;
			buildSettings = {
				ASSETCATALOG_COMPILER_APPICON_NAME = AppIcon;
				ASSETCATALOG_COMPILER_GLOBAL_ACCENT_COLOR_NAME = AccentColor;
				CODE_SIGN_ENTITLEMENTS = SpaceStuff/SpaceStuff.entitlements;
				CODE_SIGN_STYLE = Automatic;
				CURRENT_PROJECT_VERSION = 1;
				DEVELOPMENT_ASSET_PATHS = "\"SpaceStuff/Preview Content\"";
				DEVELOPMENT_TEAM = 7X8WVYDFHZ;
				ENABLE_HARDENED_RUNTIME = YES;
				ENABLE_PREVIEWS = YES;
				GENERATE_INFOPLIST_FILE = YES;
				INFOPLIST_FILE = SpaceStuff/Info.plist;
				"INFOPLIST_KEY_UIApplicationSceneManifest_Generation[sdk=iphoneos*]" = YES;
				"INFOPLIST_KEY_UIApplicationSceneManifest_Generation[sdk=iphonesimulator*]" = YES;
				"INFOPLIST_KEY_UIApplicationSupportsIndirectInputEvents[sdk=iphoneos*]" = YES;
				"INFOPLIST_KEY_UIApplicationSupportsIndirectInputEvents[sdk=iphonesimulator*]" = YES;
				"INFOPLIST_KEY_UILaunchScreen_Generation[sdk=iphoneos*]" = YES;
				"INFOPLIST_KEY_UILaunchScreen_Generation[sdk=iphonesimulator*]" = YES;
				"INFOPLIST_KEY_UIStatusBarStyle[sdk=iphoneos*]" = UIStatusBarStyleDefault;
				"INFOPLIST_KEY_UIStatusBarStyle[sdk=iphonesimulator*]" = UIStatusBarStyleDefault;
				INFOPLIST_KEY_UISupportedInterfaceOrientations_iPad = "UIInterfaceOrientationPortrait UIInterfaceOrientationPortraitUpsideDown UIInterfaceOrientationLandscapeLeft UIInterfaceOrientationLandscapeRight";
				INFOPLIST_KEY_UISupportedInterfaceOrientations_iPhone = "UIInterfaceOrientationPortrait UIInterfaceOrientationLandscapeLeft UIInterfaceOrientationLandscapeRight";
				IPHONEOS_DEPLOYMENT_TARGET = 16.4;
				LD_RUNPATH_SEARCH_PATHS = "@executable_path/Frameworks";
				"LD_RUNPATH_SEARCH_PATHS[sdk=macosx*]" = "@executable_path/../Frameworks";
				MACOSX_DEPLOYMENT_TARGET = 13.3;
				MARKETING_VERSION = 1.0;
				PRODUCT_BUNDLE_IDENTIFIER = de.chapter.softwaremill.SpaceStuff;
				PRODUCT_NAME = "$(TARGET_NAME)";
				SDKROOT = auto;
				SUPPORTED_PLATFORMS = "iphoneos iphonesimulator";
				SUPPORTS_MACCATALYST = NO;
				SUPPORTS_MAC_DESIGNED_FOR_IPHONE_IPAD = NO;
				SWIFT_EMIT_LOC_STRINGS = YES;
				SWIFT_VERSION = 5.0;
				TARGETED_DEVICE_FAMILY = "1,2";
			};
			name = Debug;
		};
		8E10480C2A0BB7B5001CD2C2 /* Release */ = {
			isa = XCBuildConfiguration;
			buildSettings = {
				ASSETCATALOG_COMPILER_APPICON_NAME = AppIcon;
				ASSETCATALOG_COMPILER_GLOBAL_ACCENT_COLOR_NAME = AccentColor;
				CODE_SIGN_ENTITLEMENTS = SpaceStuff/SpaceStuff.entitlements;
				CODE_SIGN_STYLE = Automatic;
				CURRENT_PROJECT_VERSION = 1;
				DEVELOPMENT_ASSET_PATHS = "\"SpaceStuff/Preview Content\"";
				DEVELOPMENT_TEAM = 7X8WVYDFHZ;
				ENABLE_HARDENED_RUNTIME = YES;
				ENABLE_PREVIEWS = YES;
				GENERATE_INFOPLIST_FILE = YES;
				INFOPLIST_FILE = SpaceStuff/Info.plist;
				"INFOPLIST_KEY_UIApplicationSceneManifest_Generation[sdk=iphoneos*]" = YES;
				"INFOPLIST_KEY_UIApplicationSceneManifest_Generation[sdk=iphonesimulator*]" = YES;
				"INFOPLIST_KEY_UIApplicationSupportsIndirectInputEvents[sdk=iphoneos*]" = YES;
				"INFOPLIST_KEY_UIApplicationSupportsIndirectInputEvents[sdk=iphonesimulator*]" = YES;
				"INFOPLIST_KEY_UILaunchScreen_Generation[sdk=iphoneos*]" = YES;
				"INFOPLIST_KEY_UILaunchScreen_Generation[sdk=iphonesimulator*]" = YES;
				"INFOPLIST_KEY_UIStatusBarStyle[sdk=iphoneos*]" = UIStatusBarStyleDefault;
				"INFOPLIST_KEY_UIStatusBarStyle[sdk=iphonesimulator*]" = UIStatusBarStyleDefault;
				INFOPLIST_KEY_UISupportedInterfaceOrientations_iPad = "UIInterfaceOrientationPortrait UIInterfaceOrientationPortraitUpsideDown UIInterfaceOrientationLandscapeLeft UIInterfaceOrientationLandscapeRight";
				INFOPLIST_KEY_UISupportedInterfaceOrientations_iPhone = "UIInterfaceOrientationPortrait UIInterfaceOrientationLandscapeLeft UIInterfaceOrientationLandscapeRight";
				IPHONEOS_DEPLOYMENT_TARGET = 16.4;
				LD_RUNPATH_SEARCH_PATHS = "@executable_path/Frameworks";
				"LD_RUNPATH_SEARCH_PATHS[sdk=macosx*]" = "@executable_path/../Frameworks";
				MACOSX_DEPLOYMENT_TARGET = 13.3;
				MARKETING_VERSION = 1.0;
				PRODUCT_BUNDLE_IDENTIFIER = de.chapter.softwaremill.SpaceStuff;
				PRODUCT_NAME = "$(TARGET_NAME)";
				SDKROOT = auto;
				SUPPORTED_PLATFORMS = "iphoneos iphonesimulator";
				SUPPORTS_MACCATALYST = NO;
				SUPPORTS_MAC_DESIGNED_FOR_IPHONE_IPAD = NO;
				SWIFT_EMIT_LOC_STRINGS = YES;
				SWIFT_VERSION = 5.0;
				TARGETED_DEVICE_FAMILY = "1,2";
			};
			name = Release;
		};
/* End XCBuildConfiguration section */

/* Begin XCConfigurationList section */
		8E1047F62A0BB7B5001CD2C2 /* Build configuration list for PBXProject "SpaceStuff" */ = {
			isa = XCConfigurationList;
			buildConfigurations = (
				8E1048082A0BB7B5001CD2C2 /* Debug */,
				8E1048092A0BB7B5001CD2C2 /* Release */,
			);
			defaultConfigurationIsVisible = 0;
			defaultConfigurationName = Release;
		};
		8E10480A2A0BB7B5001CD2C2 /* Build configuration list for PBXNativeTarget "SpaceStuff" */ = {
			isa = XCConfigurationList;
			buildConfigurations = (
				8E10480B2A0BB7B5001CD2C2 /* Debug */,
				8E10480C2A0BB7B5001CD2C2 /* Release */,
			);
			defaultConfigurationIsVisible = 0;
			defaultConfigurationName = Release;
		};
/* End XCConfigurationList section */
	};
	rootObject = 8E1047F32A0BB7B5001CD2C2 /* Project object */;
}
