// !$*UTF8*$!
{
	archiveVersion = 1;
	classes = {
	};
	objectVersion = 56;
	objects = {

/* Begin PBXBuildFile section */
		8E8D07D62ADADD910086A25F /* ProductDetailDescriptionView.swift in Sources */ = {isa = PBXBuildFile; fileRef = 8E8D07D52ADADD910086A25F /* ProductDetailDescriptionView.swift */; };
		8E8D07D82ADD10880086A25F /* CaseSizesView.swift in Sources */ = {isa = PBXBuildFile; fileRef = 8E8D07D72ADD10880086A25F /* CaseSizesView.swift */; };
		8E8D07DA2ADD11440086A25F /* SizeItem.swift in Sources */ = {isa = PBXBuildFile; fileRef = 8E8D07D92ADD11440086A25F /* SizeItem.swift */; };
		8ED2662B2AD1BC2E00CF1C51 /* PopularSection.swift in Sources */ = {isa = PBXBuildFile; fileRef = 8ED2662A2AD1BC2E00CF1C51 /* PopularSection.swift */; };
		8ED2662D2AD1C36300CF1C51 /* CategoryListItem.swift in Sources */ = {isa = PBXBuildFile; fileRef = 8ED2662C2AD1C36300CF1C51 /* CategoryListItem.swift */; };
		8ED2662F2AD1C67D00CF1C51 /* CategorySection.swift in Sources */ = {isa = PBXBuildFile; fileRef = 8ED2662E2AD1C67D00CF1C51 /* CategorySection.swift */; };
		8ED266312AD1C7FA00CF1C51 /* HomeView.swift in Sources */ = {isa = PBXBuildFile; fileRef = 8ED266302AD1C7FA00CF1C51 /* HomeView.swift */; };
		8ED266362AD2F3CE00CF1C51 /* ProductsView.swift in Sources */ = {isa = PBXBuildFile; fileRef = 8ED266352AD2F3CE00CF1C51 /* ProductsView.swift */; };
		8ED266382AD2F40A00CF1C51 /* CartView.swift in Sources */ = {isa = PBXBuildFile; fileRef = 8ED266372AD2F40A00CF1C51 /* CartView.swift */; };
		8ED2663A2AD2F45700CF1C51 /* FavoritesView.swift in Sources */ = {isa = PBXBuildFile; fileRef = 8ED266392AD2F45700CF1C51 /* FavoritesView.swift */; };
		8ED2663F2AD2F5F500CF1C51 /* Theme.swift in Sources */ = {isa = PBXBuildFile; fileRef = 8ED2663E2AD2F5F500CF1C51 /* Theme.swift */; };
		8ED266412AD2FB6C00CF1C51 /* ProductsGridView.swift in Sources */ = {isa = PBXBuildFile; fileRef = 8ED266402AD2FB6C00CF1C51 /* ProductsGridView.swift */; };
		8ED266432AD3028C00CF1C51 /* FilterView.swift in Sources */ = {isa = PBXBuildFile; fileRef = 8ED266422AD3028B00CF1C51 /* FilterView.swift */; };
		8ED266452AD302D600CF1C51 /* FilterSectionView.swift in Sources */ = {isa = PBXBuildFile; fileRef = 8ED266442AD302D600CF1C51 /* FilterSectionView.swift */; };
		8ED266472AD841BC00CF1C51 /* WideProductItem.swift in Sources */ = {isa = PBXBuildFile; fileRef = 8ED266462AD841BC00CF1C51 /* WideProductItem.swift */; };
		8EE3A0F52ACDF5E200CC7B6E /* AppleWatchStoreApp.swift in Sources */ = {isa = PBXBuildFile; fileRef = 8EE3A0F42ACDF5E200CC7B6E /* AppleWatchStoreApp.swift */; };
		8EE3A0F72ACDF5E200CC7B6E /* ContentView.swift in Sources */ = {isa = PBXBuildFile; fileRef = 8EE3A0F62ACDF5E200CC7B6E /* ContentView.swift */; };
		8EE3A0F92ACDF5E300CC7B6E /* Assets.xcassets in Resources */ = {isa = PBXBuildFile; fileRef = 8EE3A0F82ACDF5E300CC7B6E /* Assets.xcassets */; };
		8EE3A0FC2ACDF5E300CC7B6E /* Preview Assets.xcassets in Resources */ = {isa = PBXBuildFile; fileRef = 8EE3A0FB2ACDF5E300CC7B6E /* Preview Assets.xcassets */; };
		8EE3A1052ACDFAE600CC7B6E /* Themes.xcassets in Resources */ = {isa = PBXBuildFile; fileRef = 8EE3A1042ACDFAE600CC7B6E /* Themes.xcassets */; };
		8EE3A10A2ACDFC9800CC7B6E /* ScaledFont.swift in Sources */ = {isa = PBXBuildFile; fileRef = 8EE3A1092ACDFC9800CC7B6E /* ScaledFont.swift */; };
		8EE3A10C2ACDFD2100CC7B6E /* SectionHeader.swift in Sources */ = {isa = PBXBuildFile; fileRef = 8EE3A10B2ACDFD2100CC7B6E /* SectionHeader.swift */; };
		8EE3A10E2ACDFE8500CC7B6E /* Collection+Extension.swift in Sources */ = {isa = PBXBuildFile; fileRef = 8EE3A10D2ACDFE8500CC7B6E /* Collection+Extension.swift */; };
		8EE3A1102ACF0B0900CC7B6E /* CardView.swift in Sources */ = {isa = PBXBuildFile; fileRef = 8EE3A10F2ACF0B0900CC7B6E /* CardView.swift */; };
		8EE3A1122ACF0B5600CC7B6E /* Constants.swift in Sources */ = {isa = PBXBuildFile; fileRef = 8EE3A1112ACF0B5600CC7B6E /* Constants.swift */; };
		8EE3A1142ACF148F00CC7B6E /* CustomButtonStyle.swift in Sources */ = {isa = PBXBuildFile; fileRef = 8EE3A1132ACF148F00CC7B6E /* CustomButtonStyle.swift */; };
		8EE3A1162ACF193C00CC7B6E /* ButtonStyle+Extension.swift in Sources */ = {isa = PBXBuildFile; fileRef = 8EE3A1152ACF193C00CC7B6E /* ButtonStyle+Extension.swift */; };
		8EE3A1182AD1952F00CC7B6E /* BrowseSection.swift in Sources */ = {isa = PBXBuildFile; fileRef = 8EE3A1172AD1952F00CC7B6E /* BrowseSection.swift */; };
		8EE3A11A2AD19FB400CC7B6E /* GridProductItem.swift in Sources */ = {isa = PBXBuildFile; fileRef = 8EE3A1192AD19FB400CC7B6E /* GridProductItem.swift */; };
		8EE3A11C2AD1ACE300CC7B6E /* Text+Extension.swift in Sources */ = {isa = PBXBuildFile; fileRef = 8EE3A11B2AD1ACE300CC7B6E /* Text+Extension.swift */; };
/* End PBXBuildFile section */

/* Begin PBXFileReference section */
		8E8D07D52ADADD910086A25F /* ProductDetailDescriptionView.swift */ = {isa = PBXFileReference; lastKnownFileType = sourcecode.swift; path = ProductDetailDescriptionView.swift; sourceTree = "<group>"; };
		8E8D07D72ADD10880086A25F /* CaseSizesView.swift */ = {isa = PBXFileReference; lastKnownFileType = sourcecode.swift; path = CaseSizesView.swift; sourceTree = "<group>"; };
		8E8D07D92ADD11440086A25F /* SizeItem.swift */ = {isa = PBXFileReference; lastKnownFileType = sourcecode.swift; path = SizeItem.swift; sourceTree = "<group>"; };
		8ED2662A2AD1BC2E00CF1C51 /* PopularSection.swift */ = {isa = PBXFileReference; lastKnownFileType = sourcecode.swift; path = PopularSection.swift; sourceTree = "<group>"; };
		8ED2662C2AD1C36300CF1C51 /* CategoryListItem.swift */ = {isa = PBXFileReference; lastKnownFileType = sourcecode.swift; path = CategoryListItem.swift; sourceTree = "<group>"; };
		8ED2662E2AD1C67D00CF1C51 /* CategorySection.swift */ = {isa = PBXFileReference; lastKnownFileType = sourcecode.swift; path = CategorySection.swift; sourceTree = "<group>"; };
		8ED266302AD1C7FA00CF1C51 /* HomeView.swift */ = {isa = PBXFileReference; lastKnownFileType = sourcecode.swift; path = HomeView.swift; sourceTree = "<group>"; };
		8ED266352AD2F3CE00CF1C51 /* ProductsView.swift */ = {isa = PBXFileReference; lastKnownFileType = sourcecode.swift; path = ProductsView.swift; sourceTree = "<group>"; };
		8ED266372AD2F40A00CF1C51 /* CartView.swift */ = {isa = PBXFileReference; lastKnownFileType = sourcecode.swift; path = CartView.swift; sourceTree = "<group>"; };
		8ED266392AD2F45700CF1C51 /* FavoritesView.swift */ = {isa = PBXFileReference; lastKnownFileType = sourcecode.swift; path = FavoritesView.swift; sourceTree = "<group>"; };
		8ED2663E2AD2F5F500CF1C51 /* Theme.swift */ = {isa = PBXFileReference; fileEncoding = 4; lastKnownFileType = sourcecode.swift; path = Theme.swift; sourceTree = "<group>"; };
		8ED266402AD2FB6C00CF1C51 /* ProductsGridView.swift */ = {isa = PBXFileReference; lastKnownFileType = sourcecode.swift; path = ProductsGridView.swift; sourceTree = "<group>"; };
		8ED266422AD3028B00CF1C51 /* FilterView.swift */ = {isa = PBXFileReference; lastKnownFileType = sourcecode.swift; path = FilterView.swift; sourceTree = "<group>"; };
		8ED266442AD302D600CF1C51 /* FilterSectionView.swift */ = {isa = PBXFileReference; lastKnownFileType = sourcecode.swift; path = FilterSectionView.swift; sourceTree = "<group>"; };
		8ED266462AD841BC00CF1C51 /* WideProductItem.swift */ = {isa = PBXFileReference; lastKnownFileType = sourcecode.swift; path = WideProductItem.swift; sourceTree = "<group>"; };
		8EE3A0F12ACDF5E200CC7B6E /* AppleWatchStore.app */ = {isa = PBXFileReference; explicitFileType = wrapper.application; includeInIndex = 0; path = AppleWatchStore.app; sourceTree = BUILT_PRODUCTS_DIR; };
		8EE3A0F42ACDF5E200CC7B6E /* AppleWatchStoreApp.swift */ = {isa = PBXFileReference; lastKnownFileType = sourcecode.swift; path = AppleWatchStoreApp.swift; sourceTree = "<group>"; };
		8EE3A0F62ACDF5E200CC7B6E /* ContentView.swift */ = {isa = PBXFileReference; lastKnownFileType = sourcecode.swift; path = ContentView.swift; sourceTree = "<group>"; };
		8EE3A0F82ACDF5E300CC7B6E /* Assets.xcassets */ = {isa = PBXFileReference; lastKnownFileType = folder.assetcatalog; path = Assets.xcassets; sourceTree = "<group>"; };
		8EE3A0FB2ACDF5E300CC7B6E /* Preview Assets.xcassets */ = {isa = PBXFileReference; lastKnownFileType = folder.assetcatalog; path = "Preview Assets.xcassets"; sourceTree = "<group>"; };
		8EE3A1042ACDFAE600CC7B6E /* Themes.xcassets */ = {isa = PBXFileReference; lastKnownFileType = folder.assetcatalog; path = Themes.xcassets; sourceTree = "<group>"; };
		8EE3A1092ACDFC9800CC7B6E /* ScaledFont.swift */ = {isa = PBXFileReference; fileEncoding = 4; lastKnownFileType = sourcecode.swift; path = ScaledFont.swift; sourceTree = "<group>"; };
		8EE3A10B2ACDFD2100CC7B6E /* SectionHeader.swift */ = {isa = PBXFileReference; lastKnownFileType = sourcecode.swift; path = SectionHeader.swift; sourceTree = "<group>"; };
		8EE3A10D2ACDFE8500CC7B6E /* Collection+Extension.swift */ = {isa = PBXFileReference; lastKnownFileType = sourcecode.swift; path = "Collection+Extension.swift"; sourceTree = "<group>"; };
		8EE3A10F2ACF0B0900CC7B6E /* CardView.swift */ = {isa = PBXFileReference; lastKnownFileType = sourcecode.swift; path = CardView.swift; sourceTree = "<group>"; };
		8EE3A1112ACF0B5600CC7B6E /* Constants.swift */ = {isa = PBXFileReference; lastKnownFileType = sourcecode.swift; path = Constants.swift; sourceTree = "<group>"; };
		8EE3A1132ACF148F00CC7B6E /* CustomButtonStyle.swift */ = {isa = PBXFileReference; lastKnownFileType = sourcecode.swift; path = CustomButtonStyle.swift; sourceTree = "<group>"; };
		8EE3A1152ACF193C00CC7B6E /* ButtonStyle+Extension.swift */ = {isa = PBXFileReference; lastKnownFileType = sourcecode.swift; path = "ButtonStyle+Extension.swift"; sourceTree = "<group>"; };
		8EE3A1172AD1952F00CC7B6E /* BrowseSection.swift */ = {isa = PBXFileReference; lastKnownFileType = sourcecode.swift; path = BrowseSection.swift; sourceTree = "<group>"; };
		8EE3A1192AD19FB400CC7B6E /* GridProductItem.swift */ = {isa = PBXFileReference; lastKnownFileType = sourcecode.swift; path = GridProductItem.swift; sourceTree = "<group>"; };
		8EE3A11B2AD1ACE300CC7B6E /* Text+Extension.swift */ = {isa = PBXFileReference; lastKnownFileType = sourcecode.swift; path = "Text+Extension.swift"; sourceTree = "<group>"; };
/* End PBXFileReference section */

/* Begin PBXFrameworksBuildPhase section */
		8EE3A0EE2ACDF5E200CC7B6E /* Frameworks */ = {
			isa = PBXFrameworksBuildPhase;
			buildActionMask = 2147483647;
			files = (
			);
			runOnlyForDeploymentPostprocessing = 0;
		};
/* End PBXFrameworksBuildPhase section */

/* Begin PBXGroup section */
		8E8D07D32ADADCE60086A25F /* Product Detail */ = {
			isa = PBXGroup;
			children = (
				8E8D07D42ADADD1D0086A25F /* Supporting Views */,
			);
			path = "Product Detail";
			sourceTree = "<group>";
		};
		8E8D07D42ADADD1D0086A25F /* Supporting Views */ = {
			isa = PBXGroup;
			children = (
				8E8D07D52ADADD910086A25F /* ProductDetailDescriptionView.swift */,
				8E8D07D72ADD10880086A25F /* CaseSizesView.swift */,
				8E8D07D92ADD11440086A25F /* SizeItem.swift */,
			);
			path = "Supporting Views";
			sourceTree = "<group>";
		};
		8ED266322AD2F34400CF1C51 /* Products */ = {
			isa = PBXGroup;
			children = (
				8ED2663D2AD2F4D100CF1C51 /* SupportingViews */,
				8ED266352AD2F3CE00CF1C51 /* ProductsView.swift */,
				8ED266462AD841BC00CF1C51 /* WideProductItem.swift */,
			);
			path = Products;
			sourceTree = "<group>";
		};
		8ED266332AD2F35400CF1C51 /* Cart */ = {
			isa = PBXGroup;
			children = (
				8ED2663C2AD2F4BF00CF1C51 /* SupportingViews */,
				8ED266372AD2F40A00CF1C51 /* CartView.swift */,
			);
			path = Cart;
			sourceTree = "<group>";
		};
		8ED266342AD2F36200CF1C51 /* Favorites */ = {
			isa = PBXGroup;
			children = (
				8ED2663B2AD2F4AC00CF1C51 /* SupportingViews */,
				8ED266392AD2F45700CF1C51 /* FavoritesView.swift */,
			);
			path = Favorites;
			sourceTree = "<group>";
		};
		8ED2663B2AD2F4AC00CF1C51 /* SupportingViews */ = {
			isa = PBXGroup;
			children = (
			);
			path = SupportingViews;
			sourceTree = "<group>";
		};
		8ED2663C2AD2F4BF00CF1C51 /* SupportingViews */ = {
			isa = PBXGroup;
			children = (
			);
			path = SupportingViews;
			sourceTree = "<group>";
		};
		8ED2663D2AD2F4D100CF1C51 /* SupportingViews */ = {
			isa = PBXGroup;
			children = (
				8ED266402AD2FB6C00CF1C51 /* ProductsGridView.swift */,
				8ED266422AD3028B00CF1C51 /* FilterView.swift */,
				8ED266442AD302D600CF1C51 /* FilterSectionView.swift */,
			);
			path = SupportingViews;
			sourceTree = "<group>";
		};
		8EE3A0E82ACDF5E200CC7B6E = {
			isa = PBXGroup;
			children = (
				8EE3A0F32ACDF5E200CC7B6E /* AppleWatchStore */,
				8EE3A0F22ACDF5E200CC7B6E /* Products */,
			);
			sourceTree = "<group>";
		};
		8EE3A0F22ACDF5E200CC7B6E /* Products */ = {
			isa = PBXGroup;
			children = (
				8EE3A0F12ACDF5E200CC7B6E /* AppleWatchStore.app */,
			);
			name = Products;
			sourceTree = "<group>";
		};
		8EE3A0F32ACDF5E200CC7B6E /* AppleWatchStore */ = {
			isa = PBXGroup;
			children = (
				8EE3A1032ACDFA7300CC7B6E /* App */,
				8EE3A0FA2ACDF5E300CC7B6E /* Preview Content */,
				8EE3A1022ACDFA3F00CC7B6E /* Utilities */,
				8EE3A1062ACDFB1100CC7B6E /* Views */,
			);
			path = AppleWatchStore;
			sourceTree = "<group>";
		};
		8EE3A0FA2ACDF5E300CC7B6E /* Preview Content */ = {
			isa = PBXGroup;
			children = (
				8EE3A0FB2ACDF5E300CC7B6E /* Preview Assets.xcassets */,
			);
			path = "Preview Content";
			sourceTree = "<group>";
		};
		8EE3A1022ACDFA3F00CC7B6E /* Utilities */ = {
			isa = PBXGroup;
			children = (
				8ED2663E2AD2F5F500CF1C51 /* Theme.swift */,
				8EE3A1092ACDFC9800CC7B6E /* ScaledFont.swift */,
				8EE3A10B2ACDFD2100CC7B6E /* SectionHeader.swift */,
				8EE3A10D2ACDFE8500CC7B6E /* Collection+Extension.swift */,
				8EE3A1112ACF0B5600CC7B6E /* Constants.swift */,
				8EE3A1132ACF148F00CC7B6E /* CustomButtonStyle.swift */,
				8EE3A1152ACF193C00CC7B6E /* ButtonStyle+Extension.swift */,
				8EE3A11B2AD1ACE300CC7B6E /* Text+Extension.swift */,
			);
			path = Utilities;
			sourceTree = "<group>";
		};
		8EE3A1032ACDFA7300CC7B6E /* App */ = {
			isa = PBXGroup;
			children = (
				8EE3A0F42ACDF5E200CC7B6E /* AppleWatchStoreApp.swift */,
				8EE3A0F62ACDF5E200CC7B6E /* ContentView.swift */,
				8EE3A0F82ACDF5E300CC7B6E /* Assets.xcassets */,
				8EE3A1042ACDFAE600CC7B6E /* Themes.xcassets */,
			);
			path = App;
			sourceTree = "<group>";
		};
		8EE3A1062ACDFB1100CC7B6E /* Views */ = {
			isa = PBXGroup;
			children = (
				8E8D07D32ADADCE60086A25F /* Product Detail */,
				8EE3A1072ACDFB3900CC7B6E /* Home */,
			);
			path = Views;
			sourceTree = "<group>";
		};
		8EE3A1072ACDFB3900CC7B6E /* Home */ = {
			isa = PBXGroup;
			children = (
				8ED266342AD2F36200CF1C51 /* Favorites */,
				8ED266332AD2F35400CF1C51 /* Cart */,
				8ED266322AD2F34400CF1C51 /* Products */,
				8EE3A1082ACDFB6500CC7B6E /* SupportingViews */,
				8ED266302AD1C7FA00CF1C51 /* HomeView.swift */,
			);
			path = Home;
			sourceTree = "<group>";
		};
		8EE3A1082ACDFB6500CC7B6E /* SupportingViews */ = {
			isa = PBXGroup;
			children = (
				8EE3A10F2ACF0B0900CC7B6E /* CardView.swift */,
				8EE3A1172AD1952F00CC7B6E /* BrowseSection.swift */,
				8EE3A1192AD19FB400CC7B6E /* GridProductItem.swift */,
				8ED2662A2AD1BC2E00CF1C51 /* PopularSection.swift */,
				8ED2662C2AD1C36300CF1C51 /* CategoryListItem.swift */,
				8ED2662E2AD1C67D00CF1C51 /* CategorySection.swift */,
			);
			path = SupportingViews;
			sourceTree = "<group>";
		};
/* End PBXGroup section */

/* Begin PBXNativeTarget section */
		8EE3A0F02ACDF5E200CC7B6E /* AppleWatchStore */ = {
			isa = PBXNativeTarget;
			buildConfigurationList = 8EE3A0FF2ACDF5E300CC7B6E /* Build configuration list for PBXNativeTarget "AppleWatchStore" */;
			buildPhases = (
				8EE3A0ED2ACDF5E200CC7B6E /* Sources */,
				8EE3A0EE2ACDF5E200CC7B6E /* Frameworks */,
				8EE3A0EF2ACDF5E200CC7B6E /* Resources */,
			);
			buildRules = (
			);
			dependencies = (
			);
			name = AppleWatchStore;
			productName = AppleWatchStore;
			productReference = 8EE3A0F12ACDF5E200CC7B6E /* AppleWatchStore.app */;
			productType = "com.apple.product-type.application";
		};
/* End PBXNativeTarget section */

/* Begin PBXProject section */
		8EE3A0E92ACDF5E200CC7B6E /* Project object */ = {
			isa = PBXProject;
			attributes = {
				BuildIndependentTargetsInParallel = 1;
				LastSwiftUpdateCheck = 1500;
				LastUpgradeCheck = 1500;
				TargetAttributes = {
					8EE3A0F02ACDF5E200CC7B6E = {
						CreatedOnToolsVersion = 15.0;
					};
				};
			};
			buildConfigurationList = 8EE3A0EC2ACDF5E200CC7B6E /* Build configuration list for PBXProject "AppleWatchStore" */;
			compatibilityVersion = "Xcode 14.0";
			developmentRegion = en;
			hasScannedForEncodings = 0;
			knownRegions = (
				en,
				Base,
			);
			mainGroup = 8EE3A0E82ACDF5E200CC7B6E;
			productRefGroup = 8EE3A0F22ACDF5E200CC7B6E /* Products */;
			projectDirPath = "";
			projectRoot = "";
			targets = (
				8EE3A0F02ACDF5E200CC7B6E /* AppleWatchStore */,
			);
		};
/* End PBXProject section */

/* Begin PBXResourcesBuildPhase section */
		8EE3A0EF2ACDF5E200CC7B6E /* Resources */ = {
			isa = PBXResourcesBuildPhase;
			buildActionMask = 2147483647;
			files = (
				8EE3A1052ACDFAE600CC7B6E /* Themes.xcassets in Resources */,
				8EE3A0FC2ACDF5E300CC7B6E /* Preview Assets.xcassets in Resources */,
				8EE3A0F92ACDF5E300CC7B6E /* Assets.xcassets in Resources */,
			);
			runOnlyForDeploymentPostprocessing = 0;
		};
/* End PBXResourcesBuildPhase section */

/* Begin PBXSourcesBuildPhase section */
		8EE3A0ED2ACDF5E200CC7B6E /* Sources */ = {
			isa = PBXSourcesBuildPhase;
			buildActionMask = 2147483647;
			files = (
				8ED266432AD3028C00CF1C51 /* FilterView.swift in Sources */,
				8E8D07D82ADD10880086A25F /* CaseSizesView.swift in Sources */,
				8ED266382AD2F40A00CF1C51 /* CartView.swift in Sources */,
				8ED266452AD302D600CF1C51 /* FilterSectionView.swift in Sources */,
				8E8D07DA2ADD11440086A25F /* SizeItem.swift in Sources */,
				8EE3A10C2ACDFD2100CC7B6E /* SectionHeader.swift in Sources */,
				8EE3A1182AD1952F00CC7B6E /* BrowseSection.swift in Sources */,
				8EE3A10A2ACDFC9800CC7B6E /* ScaledFont.swift in Sources */,
				8EE3A11A2AD19FB400CC7B6E /* GridProductItem.swift in Sources */,
				8EE3A11C2AD1ACE300CC7B6E /* Text+Extension.swift in Sources */,
				8EE3A1142ACF148F00CC7B6E /* CustomButtonStyle.swift in Sources */,
				8E8D07D62ADADD910086A25F /* ProductDetailDescriptionView.swift in Sources */,
				8EE3A1162ACF193C00CC7B6E /* ButtonStyle+Extension.swift in Sources */,
				8EE3A0F72ACDF5E200CC7B6E /* ContentView.swift in Sources */,
				8EE3A0F52ACDF5E200CC7B6E /* AppleWatchStoreApp.swift in Sources */,
				8EE3A1122ACF0B5600CC7B6E /* Constants.swift in Sources */,
				8ED2662B2AD1BC2E00CF1C51 /* PopularSection.swift in Sources */,
				8EE3A1102ACF0B0900CC7B6E /* CardView.swift in Sources */,
				8ED266362AD2F3CE00CF1C51 /* ProductsView.swift in Sources */,
				8ED266412AD2FB6C00CF1C51 /* ProductsGridView.swift in Sources */,
				8ED266472AD841BC00CF1C51 /* WideProductItem.swift in Sources */,
				8ED2662F2AD1C67D00CF1C51 /* CategorySection.swift in Sources */,
				8ED266312AD1C7FA00CF1C51 /* HomeView.swift in Sources */,
				8ED2662D2AD1C36300CF1C51 /* CategoryListItem.swift in Sources */,
				8ED2663F2AD2F5F500CF1C51 /* Theme.swift in Sources */,
				8EE3A10E2ACDFE8500CC7B6E /* Collection+Extension.swift in Sources */,
				8ED2663A2AD2F45700CF1C51 /* FavoritesView.swift in Sources */,
			);
			runOnlyForDeploymentPostprocessing = 0;
		};
/* End PBXSourcesBuildPhase section */

/* Begin XCBuildConfiguration section */
		8EE3A0FD2ACDF5E300CC7B6E /* Debug */ = {
			isa = XCBuildConfiguration;
			buildSettings = {
				ALWAYS_SEARCH_USER_PATHS = NO;
				ASSETCATALOG_COMPILER_GENERATE_SWIFT_ASSET_SYMBOL_EXTENSIONS = YES;
				CLANG_ANALYZER_NONNULL = YES;
				CLANG_ANALYZER_NUMBER_OBJECT_CONVERSION = YES_AGGRESSIVE;
				CLANG_CXX_LANGUAGE_STANDARD = "gnu++20";
				CLANG_ENABLE_MODULES = YES;
				CLANG_ENABLE_OBJC_ARC = YES;
				CLANG_ENABLE_OBJC_WEAK = YES;
				CLANG_WARN_BLOCK_CAPTURE_AUTORELEASING = YES;
				CLANG_WARN_BOOL_CONVERSION = YES;
				CLANG_WARN_COMMA = YES;
				CLANG_WARN_CONSTANT_CONVERSION = YES;
				CLANG_WARN_DEPRECATED_OBJC_IMPLEMENTATIONS = YES;
				CLANG_WARN_DIRECT_OBJC_ISA_USAGE = YES_ERROR;
				CLANG_WARN_DOCUMENTATION_COMMENTS = YES;
				CLANG_WARN_EMPTY_BODY = YES;
				CLANG_WARN_ENUM_CONVERSION = YES;
				CLANG_WARN_INFINITE_RECURSION = YES;
				CLANG_WARN_INT_CONVERSION = YES;
				CLANG_WARN_NON_LITERAL_NULL_CONVERSION = YES;
				CLANG_WARN_OBJC_IMPLICIT_RETAIN_SELF = YES;
				CLANG_WARN_OBJC_LITERAL_CONVERSION = YES;
				CLANG_WARN_OBJC_ROOT_CLASS = YES_ERROR;
				CLANG_WARN_QUOTED_INCLUDE_IN_FRAMEWORK_HEADER = YES;
				CLANG_WARN_RANGE_LOOP_ANALYSIS = YES;
				CLANG_WARN_STRICT_PROTOTYPES = YES;
				CLANG_WARN_SUSPICIOUS_MOVE = YES;
				CLANG_WARN_UNGUARDED_AVAILABILITY = YES_AGGRESSIVE;
				CLANG_WARN_UNREACHABLE_CODE = YES;
				CLANG_WARN__DUPLICATE_METHOD_MATCH = YES;
				COPY_PHASE_STRIP = NO;
				DEBUG_INFORMATION_FORMAT = dwarf;
				ENABLE_STRICT_OBJC_MSGSEND = YES;
				ENABLE_TESTABILITY = YES;
				ENABLE_USER_SCRIPT_SANDBOXING = YES;
				GCC_C_LANGUAGE_STANDARD = gnu17;
				GCC_DYNAMIC_NO_PIC = NO;
				GCC_NO_COMMON_BLOCKS = YES;
				GCC_OPTIMIZATION_LEVEL = 0;
				GCC_PREPROCESSOR_DEFINITIONS = (
					"DEBUG=1",
					"$(inherited)",
				);
				GCC_WARN_64_TO_32_BIT_CONVERSION = YES;
				GCC_WARN_ABOUT_RETURN_TYPE = YES_ERROR;
				GCC_WARN_UNDECLARED_SELECTOR = YES;
				GCC_WARN_UNINITIALIZED_AUTOS = YES_AGGRESSIVE;
				GCC_WARN_UNUSED_FUNCTION = YES;
				GCC_WARN_UNUSED_VARIABLE = YES;
				IPHONEOS_DEPLOYMENT_TARGET = 17.0;
				LOCALIZATION_PREFERS_STRING_CATALOGS = YES;
				MTL_ENABLE_DEBUG_INFO = INCLUDE_SOURCE;
				MTL_FAST_MATH = YES;
				ONLY_ACTIVE_ARCH = YES;
				SDKROOT = iphoneos;
				SWIFT_ACTIVE_COMPILATION_CONDITIONS = "DEBUG $(inherited)";
				SWIFT_OPTIMIZATION_LEVEL = "-Onone";
			};
			name = Debug;
		};
		8EE3A0FE2ACDF5E300CC7B6E /* Release */ = {
			isa = XCBuildConfiguration;
			buildSettings = {
				ALWAYS_SEARCH_USER_PATHS = NO;
				ASSETCATALOG_COMPILER_GENERATE_SWIFT_ASSET_SYMBOL_EXTENSIONS = YES;
				CLANG_ANALYZER_NONNULL = YES;
				CLANG_ANALYZER_NUMBER_OBJECT_CONVERSION = YES_AGGRESSIVE;
				CLANG_CXX_LANGUAGE_STANDARD = "gnu++20";
				CLANG_ENABLE_MODULES = YES;
				CLANG_ENABLE_OBJC_ARC = YES;
				CLANG_ENABLE_OBJC_WEAK = YES;
				CLANG_WARN_BLOCK_CAPTURE_AUTORELEASING = YES;
				CLANG_WARN_BOOL_CONVERSION = YES;
				CLANG_WARN_COMMA = YES;
				CLANG_WARN_CONSTANT_CONVERSION = YES;
				CLANG_WARN_DEPRECATED_OBJC_IMPLEMENTATIONS = YES;
				CLANG_WARN_DIRECT_OBJC_ISA_USAGE = YES_ERROR;
				CLANG_WARN_DOCUMENTATION_COMMENTS = YES;
				CLANG_WARN_EMPTY_BODY = YES;
				CLANG_WARN_ENUM_CONVERSION = YES;
				CLANG_WARN_INFINITE_RECURSION = YES;
				CLANG_WARN_INT_CONVERSION = YES;
				CLANG_WARN_NON_LITERAL_NULL_CONVERSION = YES;
				CLANG_WARN_OBJC_IMPLICIT_RETAIN_SELF = YES;
				CLANG_WARN_OBJC_LITERAL_CONVERSION = YES;
				CLANG_WARN_OBJC_ROOT_CLASS = YES_ERROR;
				CLANG_WARN_QUOTED_INCLUDE_IN_FRAMEWORK_HEADER = YES;
				CLANG_WARN_RANGE_LOOP_ANALYSIS = YES;
				CLANG_WARN_STRICT_PROTOTYPES = YES;
				CLANG_WARN_SUSPICIOUS_MOVE = YES;
				CLANG_WARN_UNGUARDED_AVAILABILITY = YES_AGGRESSIVE;
				CLANG_WARN_UNREACHABLE_CODE = YES;
				CLANG_WARN__DUPLICATE_METHOD_MATCH = YES;
				COPY_PHASE_STRIP = NO;
				DEBUG_INFORMATION_FORMAT = "dwarf-with-dsym";
				ENABLE_NS_ASSERTIONS = NO;
				ENABLE_STRICT_OBJC_MSGSEND = YES;
				ENABLE_USER_SCRIPT_SANDBOXING = YES;
				GCC_C_LANGUAGE_STANDARD = gnu17;
				GCC_NO_COMMON_BLOCKS = YES;
				GCC_WARN_64_TO_32_BIT_CONVERSION = YES;
				GCC_WARN_ABOUT_RETURN_TYPE = YES_ERROR;
				GCC_WARN_UNDECLARED_SELECTOR = YES;
				GCC_WARN_UNINITIALIZED_AUTOS = YES_AGGRESSIVE;
				GCC_WARN_UNUSED_FUNCTION = YES;
				GCC_WARN_UNUSED_VARIABLE = YES;
				IPHONEOS_DEPLOYMENT_TARGET = 17.0;
				LOCALIZATION_PREFERS_STRING_CATALOGS = YES;
				MTL_ENABLE_DEBUG_INFO = NO;
				MTL_FAST_MATH = YES;
				SDKROOT = iphoneos;
				SWIFT_COMPILATION_MODE = wholemodule;
				VALIDATE_PRODUCT = YES;
			};
			name = Release;
		};
		8EE3A1002ACDF5E300CC7B6E /* Debug */ = {
			isa = XCBuildConfiguration;
			buildSettings = {
				ASSETCATALOG_COMPILER_APPICON_NAME = AppIcon;
				ASSETCATALOG_COMPILER_GLOBAL_ACCENT_COLOR_NAME = AccentColor;
				CODE_SIGN_STYLE = Automatic;
				CURRENT_PROJECT_VERSION = 1;
				DEVELOPMENT_ASSET_PATHS = "\"AppleWatchStore/Preview Content\"";
				DEVELOPMENT_TEAM = 7X8WVYDFHZ;
				ENABLE_PREVIEWS = YES;
				GENERATE_INFOPLIST_FILE = YES;
				INFOPLIST_KEY_UIApplicationSceneManifest_Generation = YES;
				INFOPLIST_KEY_UIApplicationSupportsIndirectInputEvents = YES;
				INFOPLIST_KEY_UILaunchScreen_Generation = YES;
				INFOPLIST_KEY_UISupportedInterfaceOrientations_iPad = "UIInterfaceOrientationPortrait UIInterfaceOrientationPortraitUpsideDown UIInterfaceOrientationLandscapeLeft UIInterfaceOrientationLandscapeRight";
				INFOPLIST_KEY_UISupportedInterfaceOrientations_iPhone = "UIInterfaceOrientationPortrait UIInterfaceOrientationLandscapeLeft UIInterfaceOrientationLandscapeRight";
				LD_RUNPATH_SEARCH_PATHS = (
					"$(inherited)",
					"@executable_path/Frameworks",
				);
				MARKETING_VERSION = 1.0;
				PRODUCT_BUNDLE_IDENTIFIER = de.chapter.AppleWatchStore;
				PRODUCT_NAME = "$(TARGET_NAME)";
				SWIFT_EMIT_LOC_STRINGS = YES;
				SWIFT_VERSION = 5.0;
				TARGETED_DEVICE_FAMILY = "1,2";
			};
			name = Debug;
		};
		8EE3A1012ACDF5E300CC7B6E /* Release */ = {
			isa = XCBuildConfiguration;
			buildSettings = {
				ASSETCATALOG_COMPILER_APPICON_NAME = AppIcon;
				ASSETCATALOG_COMPILER_GLOBAL_ACCENT_COLOR_NAME = AccentColor;
				CODE_SIGN_STYLE = Automatic;
				CURRENT_PROJECT_VERSION = 1;
				DEVELOPMENT_ASSET_PATHS = "\"AppleWatchStore/Preview Content\"";
				DEVELOPMENT_TEAM = 7X8WVYDFHZ;
				ENABLE_PREVIEWS = YES;
				GENERATE_INFOPLIST_FILE = YES;
				INFOPLIST_KEY_UIApplicationSceneManifest_Generation = YES;
				INFOPLIST_KEY_UIApplicationSupportsIndirectInputEvents = YES;
				INFOPLIST_KEY_UILaunchScreen_Generation = YES;
				INFOPLIST_KEY_UISupportedInterfaceOrientations_iPad = "UIInterfaceOrientationPortrait UIInterfaceOrientationPortraitUpsideDown UIInterfaceOrientationLandscapeLeft UIInterfaceOrientationLandscapeRight";
				INFOPLIST_KEY_UISupportedInterfaceOrientations_iPhone = "UIInterfaceOrientationPortrait UIInterfaceOrientationLandscapeLeft UIInterfaceOrientationLandscapeRight";
				LD_RUNPATH_SEARCH_PATHS = (
					"$(inherited)",
					"@executable_path/Frameworks",
				);
				MARKETING_VERSION = 1.0;
				PRODUCT_BUNDLE_IDENTIFIER = de.chapter.AppleWatchStore;
				PRODUCT_NAME = "$(TARGET_NAME)";
				SWIFT_EMIT_LOC_STRINGS = YES;
				SWIFT_VERSION = 5.0;
				TARGETED_DEVICE_FAMILY = "1,2";
			};
			name = Release;
		};
/* End XCBuildConfiguration section */

/* Begin XCConfigurationList section */
		8EE3A0EC2ACDF5E200CC7B6E /* Build configuration list for PBXProject "AppleWatchStore" */ = {
			isa = XCConfigurationList;
			buildConfigurations = (
				8EE3A0FD2ACDF5E300CC7B6E /* Debug */,
				8EE3A0FE2ACDF5E300CC7B6E /* Release */,
			);
			defaultConfigurationIsVisible = 0;
			defaultConfigurationName = Release;
		};
		8EE3A0FF2ACDF5E300CC7B6E /* Build configuration list for PBXNativeTarget "AppleWatchStore" */ = {
			isa = XCConfigurationList;
			buildConfigurations = (
				8EE3A1002ACDF5E300CC7B6E /* Debug */,
				8EE3A1012ACDF5E300CC7B6E /* Release */,
			);
			defaultConfigurationIsVisible = 0;
			defaultConfigurationName = Release;
		};
/* End XCConfigurationList section */
	};
	rootObject = 8EE3A0E92ACDF5E200CC7B6E /* Project object */;
}
