// !$*UTF8*$!
{
	archiveVersion = 1;
	classes = {
	};
	objectVersion = 56;
	objects = {

/* Begin PBXBuildFile section */
		8EE0B75429D448040061D01F /* FortuneSDK.docc in Sources */ = {isa = PBXBuildFile; fileRef = 8EE0B75329D448040061D01F /* FortuneSDK.docc */; };
		8EE0B75A29D448040061D01F /* FortuneSDK.framework in Frameworks */ = {isa = PBXBuildFile; fileRef = 8EE0B74F29D448040061D01F /* FortuneSDK.framework */; };
		8EE0B75F29D448040061D01F /* FortuneSDKTests.swift in Sources */ = {isa = PBXBuildFile; fileRef = 8EE0B75E29D448040061D01F /* FortuneSDKTests.swift */; };
		8EE0B76029D448040061D01F /* FortuneSDK.h in Headers */ = {isa = PBXBuildFile; fileRef = 8EE0B75229D448040061D01F /* FortuneSDK.h */; settings = {ATTRIBUTES = (Public, ); }; };
		8EE0B76A29D4482E0061D01F /* Fortune.swift in Sources */ = {isa = PBXBuildFile; fileRef = 8EE0B76929D4482E0061D01F /* Fortune.swift */; };
		8EE0B76C29D449EE0061D01F /* FortuneTexts.json in Resources */ = {isa = PBXBuildFile; fileRef = 8EE0B76B29D449EE0061D01F /* FortuneTexts.json */; };
/* End PBXBuildFile section */

/* Begin PBXContainerItemProxy section */
		8EE0B75B29D448040061D01F /* PBXContainerItemProxy */ = {
			isa = PBXContainerItemProxy;
			containerPortal = 8EE0B74629D448040061D01F /* Project object */;
			proxyType = 1;
			remoteGlobalIDString = 8EE0B74E29D448040061D01F;
			remoteInfo = FortuneSDK;
		};
/* End PBXContainerItemProxy section */

/* Begin PBXFileReference section */
		8EE0B74F29D448040061D01F /* FortuneSDK.framework */ = {isa = PBXFileReference; explicitFileType = wrapper.framework; includeInIndex = 0; path = FortuneSDK.framework; sourceTree = BUILT_PRODUCTS_DIR; };
		8EE0B75229D448040061D01F /* FortuneSDK.h */ = {isa = PBXFileReference; lastKnownFileType = sourcecode.c.h; path = FortuneSDK.h; sourceTree = "<group>"; };
		8EE0B75329D448040061D01F /* FortuneSDK.docc */ = {isa = PBXFileReference; lastKnownFileType = folder.documentationcatalog; path = FortuneSDK.docc; sourceTree = "<group>"; };
		8EE0B75929D448040061D01F /* FortuneSDKTests.xctest */ = {isa = PBXFileReference; explicitFileType = wrapper.cfbundle; includeInIndex = 0; path = FortuneSDKTests.xctest; sourceTree = BUILT_PRODUCTS_DIR; };
		8EE0B75E29D448040061D01F /* FortuneSDKTests.swift */ = {isa = PBXFileReference; lastKnownFileType = sourcecode.swift; path = FortuneSDKTests.swift; sourceTree = "<group>"; };
		8EE0B76929D4482E0061D01F /* Fortune.swift */ = {isa = PBXFileReference; lastKnownFileType = sourcecode.swift; path = Fortune.swift; sourceTree = "<group>"; };
		8EE0B76B29D449EE0061D01F /* FortuneTexts.json */ = {isa = PBXFileReference; lastKnownFileType = text.json; path = FortuneTexts.json; sourceTree = "<group>"; };
/* End PBXFileReference section */

/* Begin PBXFrameworksBuildPhase section */
		8EE0B74C29D448040061D01F /* Frameworks */ = {
			isa = PBXFrameworksBuildPhase;
			buildActionMask = 2147483647;
			files = (
			);
			runOnlyForDeploymentPostprocessing = 0;
		};
		8EE0B75629D448040061D01F /* Frameworks */ = {
			isa = PBXFrameworksBuildPhase;
			buildActionMask = 2147483647;
			files = (
				8EE0B75A29D448040061D01F /* FortuneSDK.framework in Frameworks */,
			);
			runOnlyForDeploymentPostprocessing = 0;
		};
/* End PBXFrameworksBuildPhase section */

/* Begin PBXGroup section */
		8EE0B74529D448040061D01F = {
			isa = PBXGroup;
			children = (
				8EE0B75129D448040061D01F /* FortuneSDK */,
				8EE0B75D29D448040061D01F /* FortuneSDKTests */,
				8EE0B75029D448040061D01F /* Products */,
			);
			sourceTree = "<group>";
		};
		8EE0B75029D448040061D01F /* Products */ = {
			isa = PBXGroup;
			children = (
				8EE0B74F29D448040061D01F /* FortuneSDK.framework */,
				8EE0B75929D448040061D01F /* FortuneSDKTests.xctest */,
			);
			name = Products;
			sourceTree = "<group>";
		};
		8EE0B75129D448040061D01F /* FortuneSDK */ = {
			isa = PBXGroup;
			children = (
				8EE0B75229D448040061D01F /* FortuneSDK.h */,
				8EE0B75329D448040061D01F /* FortuneSDK.docc */,
				8EE0B76929D4482E0061D01F /* Fortune.swift */,
				8EE0B76B29D449EE0061D01F /* FortuneTexts.json */,
			);
			path = FortuneSDK;
			sourceTree = "<group>";
		};
		8EE0B75D29D448040061D01F /* FortuneSDKTests */ = {
			isa = PBXGroup;
			children = (
				8EE0B75E29D448040061D01F /* FortuneSDKTests.swift */,
			);
			path = FortuneSDKTests;
			sourceTree = "<group>";
		};
/* End PBXGroup section */

/* Begin PBXHeadersBuildPhase section */
		8EE0B74A29D448040061D01F /* Headers */ = {
			isa = PBXHeadersBuildPhase;
			buildActionMask = 2147483647;
			files = (
				8EE0B76029D448040061D01F /* FortuneSDK.h in Headers */,
			);
			runOnlyForDeploymentPostprocessing = 0;
		};
/* End PBXHeadersBuildPhase section */

/* Begin PBXNativeTarget section */
		8EE0B74E29D448040061D01F /* FortuneSDK */ = {
			isa = PBXNativeTarget;
			buildConfigurationList = 8EE0B76329D448040061D01F /* Build configuration list for PBXNativeTarget "FortuneSDK" */;
			buildPhases = (
				8EE0B74A29D448040061D01F /* Headers */,
				8EE0B74B29D448040061D01F /* Sources */,
				8EE0B74C29D448040061D01F /* Frameworks */,
				8EE0B74D29D448040061D01F /* Resources */,
			);
			buildRules = (
			);
			dependencies = (
			);
			name = FortuneSDK;
			productName = FortuneSDK;
			productReference = 8EE0B74F29D448040061D01F /* FortuneSDK.framework */;
			productType = "com.apple.product-type.framework";
		};
		8EE0B75829D448040061D01F /* FortuneSDKTests */ = {
			isa = PBXNativeTarget;
			buildConfigurationList = 8EE0B76629D448040061D01F /* Build configuration list for PBXNativeTarget "FortuneSDKTests" */;
			buildPhases = (
				8EE0B75529D448040061D01F /* Sources */,
				8EE0B75629D448040061D01F /* Frameworks */,
				8EE0B75729D448040061D01F /* Resources */,
			);
			buildRules = (
			);
			dependencies = (
				8EE0B75C29D448040061D01F /* PBXTargetDependency */,
			);
			name = FortuneSDKTests;
			productName = FortuneSDKTests;
			productReference = 8EE0B75929D448040061D01F /* FortuneSDKTests.xctest */;
			productType = "com.apple.product-type.bundle.unit-test";
		};
/* End PBXNativeTarget section */

/* Begin PBXProject section */
		8EE0B74629D448040061D01F /* Project object */ = {
			isa = PBXProject;
			attributes = {
				BuildIndependentTargetsInParallel = 1;
				LastSwiftUpdateCheck = 1420;
				LastUpgradeCheck = 1420;
				TargetAttributes = {
					8EE0B74E29D448040061D01F = {
						CreatedOnToolsVersion = 14.2;
					};
					8EE0B75829D448040061D01F = {
						CreatedOnToolsVersion = 14.2;
					};
				};
			};
			buildConfigurationList = 8EE0B74929D448040061D01F /* Build configuration list for PBXProject "FortuneSDK" */;
			compatibilityVersion = "Xcode 14.0";
			developmentRegion = en;
			hasScannedForEncodings = 0;
			knownRegions = (
				en,
				Base,
			);
			mainGroup = 8EE0B74529D448040061D01F;
			productRefGroup = 8EE0B75029D448040061D01F /* Products */;
			projectDirPath = "";
			projectRoot = "";
			targets = (
				8EE0B74E29D448040061D01F /* FortuneSDK */,
				8EE0B75829D448040061D01F /* FortuneSDKTests */,
			);
		};
/* End PBXProject section */

/* Begin PBXResourcesBuildPhase section */
		8EE0B74D29D448040061D01F /* Resources */ = {
			isa = PBXResourcesBuildPhase;
			buildActionMask = 2147483647;
			files = (
				8EE0B76C29D449EE0061D01F /* FortuneTexts.json in Resources */,
			);
			runOnlyForDeploymentPostprocessing = 0;
		};
		8EE0B75729D448040061D01F /* Resources */ = {
			isa = PBXResourcesBuildPhase;
			buildActionMask = 2147483647;
			files = (
			);
			runOnlyForDeploymentPostprocessing = 0;
		};
/* End PBXResourcesBuildPhase section */

/* Begin PBXSourcesBuildPhase section */
		8EE0B74B29D448040061D01F /* Sources */ = {
			isa = PBXSourcesBuildPhase;
			buildActionMask = 2147483647;
			files = (
				8EE0B75429D448040061D01F /* FortuneSDK.docc in Sources */,
				8EE0B76A29D4482E0061D01F /* Fortune.swift in Sources */,
			);
			runOnlyForDeploymentPostprocessing = 0;
		};
		8EE0B75529D448040061D01F /* Sources */ = {
			isa = PBXSourcesBuildPhase;
			buildActionMask = 2147483647;
			files = (
				8EE0B75F29D448040061D01F /* FortuneSDKTests.swift in Sources */,
			);
			runOnlyForDeploymentPostprocessing = 0;
		};
/* End PBXSourcesBuildPhase section */

/* Begin PBXTargetDependency section */
		8EE0B75C29D448040061D01F /* PBXTargetDependency */ = {
			isa = PBXTargetDependency;
			target = 8EE0B74E29D448040061D01F /* FortuneSDK */;
			targetProxy = 8EE0B75B29D448040061D01F /* PBXContainerItemProxy */;
		};
/* End PBXTargetDependency section */

/* Begin XCBuildConfiguration section */
		8EE0B76129D448040061D01F /* Debug */ = {
			isa = XCBuildConfiguration;
			buildSettings = {
				ALWAYS_SEARCH_USER_PATHS = NO;
				CLANG_ANALYZER_NONNULL = YES;
				CLANG_ANALYZER_NUMBER_OBJECT_CONVERSION = YES_AGGRESSIVE;
				CLANG_CXX_LANGUAGE_STANDARD = "gnu++20";
				CLANG_ENABLE_MODULES = YES;
				CLANG_ENABLE_OBJC_ARC = YES;
				CLANG_ENABLE_OBJC_WEAK = YES;
				CLANG_WARN_BLOCK_CAPTURE_AUTORELEASING = YES;
				CLANG_WARN_BOOL_CONVERSION = YES;
				CLANG_WARN_COMMA = YES;
				CLANG_WARN_CONSTANT_CONVERSION = YES;
				CLANG_WARN_DEPRECATED_OBJC_IMPLEMENTATIONS = YES;
				CLANG_WARN_DIRECT_OBJC_ISA_USAGE = YES_ERROR;
				CLANG_WARN_DOCUMENTATION_COMMENTS = YES;
				CLANG_WARN_EMPTY_BODY = YES;
				CLANG_WARN_ENUM_CONVERSION = YES;
				CLANG_WARN_INFINITE_RECURSION = YES;
				CLANG_WARN_INT_CONVERSION = YES;
				CLANG_WARN_NON_LITERAL_NULL_CONVERSION = YES;
				CLANG_WARN_OBJC_IMPLICIT_RETAIN_SELF = YES;
				CLANG_WARN_OBJC_LITERAL_CONVERSION = YES;
				CLANG_WARN_OBJC_ROOT_CLASS = YES_ERROR;
				CLANG_WARN_QUOTED_INCLUDE_IN_FRAMEWORK_HEADER = YES;
				CLANG_WARN_RANGE_LOOP_ANALYSIS = YES;
				CLANG_WARN_STRICT_PROTOTYPES = YES;
				CLANG_WARN_SUSPICIOUS_MOVE = YES;
				CLANG_WARN_UNGUARDED_AVAILABILITY = YES_AGGRESSIVE;
				CLANG_WARN_UNREACHABLE_CODE = YES;
				CLANG_WARN__DUPLICATE_METHOD_MATCH = YES;
				COPY_PHASE_STRIP = NO;
				CURRENT_PROJECT_VERSION = 1;
				DEBUG_INFORMATION_FORMAT = dwarf;
				ENABLE_STRICT_OBJC_MSGSEND = YES;
				ENABLE_TESTABILITY = YES;
				GCC_C_LANGUAGE_STANDARD = gnu11;
				GCC_DYNAMIC_NO_PIC = NO;
				GCC_NO_COMMON_BLOCKS = YES;
				GCC_OPTIMIZATION_LEVEL = 0;
				GCC_PREPROCESSOR_DEFINITIONS = (
					"DEBUG=1",
					"$(inherited)",
				);
				GCC_WARN_64_TO_32_BIT_CONVERSION = YES;
				GCC_WARN_ABOUT_RETURN_TYPE = YES_ERROR;
				GCC_WARN_UNDECLARED_SELECTOR = YES;
				GCC_WARN_UNINITIALIZED_AUTOS = YES_AGGRESSIVE;
				GCC_WARN_UNUSED_FUNCTION = YES;
				GCC_WARN_UNUSED_VARIABLE = YES;
				IPHONEOS_DEPLOYMENT_TARGET = 16.2;
				MTL_ENABLE_DEBUG_INFO = INCLUDE_SOURCE;
				MTL_FAST_MATH = YES;
				ONLY_ACTIVE_ARCH = YES;
				SDKROOT = iphoneos;
				SWIFT_ACTIVE_COMPILATION_CONDITIONS = DEBUG;
				SWIFT_OPTIMIZATION_LEVEL = "-Onone";
				VERSIONING_SYSTEM = "apple-generic";
				VERSION_INFO_PREFIX = "";
			};
			name = Debug;
		};
		8EE0B76229D448040061D01F /* Release */ = {
			isa = XCBuildConfiguration;
			buildSettings = {
				ALWAYS_SEARCH_USER_PATHS = NO;
				CLANG_ANALYZER_NONNULL = YES;
				CLANG_ANALYZER_NUMBER_OBJECT_CONVERSION = YES_AGGRESSIVE;
				CLANG_CXX_LANGUAGE_STANDARD = "gnu++20";
				CLANG_ENABLE_MODULES = YES;
				CLANG_ENABLE_OBJC_ARC = YES;
				CLANG_ENABLE_OBJC_WEAK = YES;
				CLANG_WARN_BLOCK_CAPTURE_AUTORELEASING = YES;
				CLANG_WARN_BOOL_CONVERSION = YES;
				CLANG_WARN_COMMA = YES;
				CLANG_WARN_CONSTANT_CONVERSION = YES;
				CLANG_WARN_DEPRECATED_OBJC_IMPLEMENTATIONS = YES;
				CLANG_WARN_DIRECT_OBJC_ISA_USAGE = YES_ERROR;
				CLANG_WARN_DOCUMENTATION_COMMENTS = YES;
				CLANG_WARN_EMPTY_BODY = YES;
				CLANG_WARN_ENUM_CONVERSION = YES;
				CLANG_WARN_INFINITE_RECURSION = YES;
				CLANG_WARN_INT_CONVERSION = YES;
				CLANG_WARN_NON_LITERAL_NULL_CONVERSION = YES;
				CLANG_WARN_OBJC_IMPLICIT_RETAIN_SELF = YES;
				CLANG_WARN_OBJC_LITERAL_CONVERSION = YES;
				CLANG_WARN_OBJC_ROOT_CLASS = YES_ERROR;
				CLANG_WARN_QUOTED_INCLUDE_IN_FRAMEWORK_HEADER = YES;
				CLANG_WARN_RANGE_LOOP_ANALYSIS = YES;
				CLANG_WARN_STRICT_PROTOTYPES = YES;
				CLANG_WARN_SUSPICIOUS_MOVE = YES;
				CLANG_WARN_UNGUARDED_AVAILABILITY = YES_AGGRESSIVE;
				CLANG_WARN_UNREACHABLE_CODE = YES;
				CLANG_WARN__DUPLICATE_METHOD_MATCH = YES;
				COPY_PHASE_STRIP = NO;
				CURRENT_PROJECT_VERSION = 1;
				DEBUG_INFORMATION_FORMAT = "dwarf-with-dsym";
				ENABLE_NS_ASSERTIONS = NO;
				ENABLE_STRICT_OBJC_MSGSEND = YES;
				GCC_C_LANGUAGE_STANDARD = gnu11;
				GCC_NO_COMMON_BLOCKS = YES;
				GCC_WARN_64_TO_32_BIT_CONVERSION = YES;
				GCC_WARN_ABOUT_RETURN_TYPE = YES_ERROR;
				GCC_WARN_UNDECLARED_SELECTOR = YES;
				GCC_WARN_UNINITIALIZED_AUTOS = YES_AGGRESSIVE;
				GCC_WARN_UNUSED_FUNCTION = YES;
				GCC_WARN_UNUSED_VARIABLE = YES;
				IPHONEOS_DEPLOYMENT_TARGET = 16.2;
				MTL_ENABLE_DEBUG_INFO = NO;
				MTL_FAST_MATH = YES;
				SDKROOT = iphoneos;
				SWIFT_COMPILATION_MODE = wholemodule;
				SWIFT_OPTIMIZATION_LEVEL = "-O";
				VALIDATE_PRODUCT = YES;
				VERSIONING_SYSTEM = "apple-generic";
				VERSION_INFO_PREFIX = "";
			};
			name = Release;
		};
		8EE0B76429D448040061D01F /* Debug */ = {
			isa = XCBuildConfiguration;
			buildSettings = {
				CODE_SIGN_STYLE = Automatic;
				CURRENT_PROJECT_VERSION = 1;
				DEFINES_MODULE = YES;
				DEVELOPMENT_TEAM = 7X8WVYDFHZ;
				DYLIB_COMPATIBILITY_VERSION = 1;
				DYLIB_CURRENT_VERSION = 1;
				DYLIB_INSTALL_NAME_BASE = "@rpath";
				GENERATE_INFOPLIST_FILE = YES;
				INFOPLIST_KEY_NSHumanReadableCopyright = "";
				INSTALL_PATH = "$(LOCAL_LIBRARY_DIR)/Frameworks";
				LD_RUNPATH_SEARCH_PATHS = (
					"$(inherited)",
					"@executable_path/Frameworks",
					"@loader_path/Frameworks",
				);
				MARKETING_VERSION = 1.0;
				PRODUCT_BUNDLE_IDENTIFIER = de.chapter.softwaremill.FortuneSDK;
				PRODUCT_NAME = "$(TARGET_NAME:c99extidentifier)";
				SKIP_INSTALL = YES;
				SWIFT_EMIT_LOC_STRINGS = YES;
				SWIFT_VERSION = 5.0;
				TARGETED_DEVICE_FAMILY = "1,2";
			};
			name = Debug;
		};
		8EE0B76529D448040061D01F /* Release */ = {
			isa = XCBuildConfiguration;
			buildSettings = {
				CODE_SIGN_STYLE = Automatic;
				CURRENT_PROJECT_VERSION = 1;
				DEFINES_MODULE = YES;
				DEVELOPMENT_TEAM = 7X8WVYDFHZ;
				DYLIB_COMPATIBILITY_VERSION = 1;
				DYLIB_CURRENT_VERSION = 1;
				DYLIB_INSTALL_NAME_BASE = "@rpath";
				GENERATE_INFOPLIST_FILE = YES;
				INFOPLIST_KEY_NSHumanReadableCopyright = "";
				INSTALL_PATH = "$(LOCAL_LIBRARY_DIR)/Frameworks";
				LD_RUNPATH_SEARCH_PATHS = (
					"$(inherited)",
					"@executable_path/Frameworks",
					"@loader_path/Frameworks",
				);
				MARKETING_VERSION = 1.0;
				PRODUCT_BUNDLE_IDENTIFIER = de.chapter.softwaremill.FortuneSDK;
				PRODUCT_NAME = "$(TARGET_NAME:c99extidentifier)";
				SKIP_INSTALL = YES;
				SWIFT_EMIT_LOC_STRINGS = YES;
				SWIFT_VERSION = 5.0;
				TARGETED_DEVICE_FAMILY = "1,2";
			};
			name = Release;
		};
		8EE0B76729D448040061D01F /* Debug */ = {
			isa = XCBuildConfiguration;
			buildSettings = {
				ALWAYS_EMBED_SWIFT_STANDARD_LIBRARIES = YES;
				CODE_SIGN_STYLE = Automatic;
				CURRENT_PROJECT_VERSION = 1;
				DEVELOPMENT_TEAM = 7X8WVYDFHZ;
				GENERATE_INFOPLIST_FILE = YES;
				MARKETING_VERSION = 1.0;
				PRODUCT_BUNDLE_IDENTIFIER = de.chapter.softwaremill.FortuneSDKTests;
				PRODUCT_NAME = "$(TARGET_NAME)";
				SWIFT_EMIT_LOC_STRINGS = NO;
				SWIFT_VERSION = 5.0;
				TARGETED_DEVICE_FAMILY = "1,2";
			};
			name = Debug;
		};
		8EE0B76829D448040061D01F /* Release */ = {
			isa = XCBuildConfiguration;
			buildSettings = {
				ALWAYS_EMBED_SWIFT_STANDARD_LIBRARIES = YES;
				CODE_SIGN_STYLE = Automatic;
				CURRENT_PROJECT_VERSION = 1;
				DEVELOPMENT_TEAM = 7X8WVYDFHZ;
				GENERATE_INFOPLIST_FILE = YES;
				MARKETING_VERSION = 1.0;
				PRODUCT_BUNDLE_IDENTIFIER = de.chapter.softwaremill.FortuneSDKTests;
				PRODUCT_NAME = "$(TARGET_NAME)";
				SWIFT_EMIT_LOC_STRINGS = NO;
				SWIFT_VERSION = 5.0;
				TARGETED_DEVICE_FAMILY = "1,2";
			};
			name = Release;
		};
/* End XCBuildConfiguration section */

/* Begin XCConfigurationList section */
		8EE0B74929D448040061D01F /* Build configuration list for PBXProject "FortuneSDK" */ = {
			isa = XCConfigurationList;
			buildConfigurations = (
				8EE0B76129D448040061D01F /* Debug */,
				8EE0B76229D448040061D01F /* Release */,
			);
			defaultConfigurationIsVisible = 0;
			defaultConfigurationName = Release;
		};
		8EE0B76329D448040061D01F /* Build configuration list for PBXNativeTarget "FortuneSDK" */ = {
			isa = XCConfigurationList;
			buildConfigurations = (
				8EE0B76429D448040061D01F /* Debug */,
				8EE0B76529D448040061D01F /* Release */,
			);
			defaultConfigurationIsVisible = 0;
			defaultConfigurationName = Release;
		};
		8EE0B76629D448040061D01F /* Build configuration list for PBXNativeTarget "FortuneSDKTests" */ = {
			isa = XCConfigurationList;
			buildConfigurations = (
				8EE0B76729D448040061D01F /* Debug */,
				8EE0B76829D448040061D01F /* Release */,
			);
			defaultConfigurationIsVisible = 0;
			defaultConfigurationName = Release;
		};
/* End XCConfigurationList section */
	};
	rootObject = 8EE0B74629D448040061D01F /* Project object */;
}
