// !$*UTF8*$!
{
	archiveVersion = 1;
	classes = {
	};
	objectVersion = 56;
	objects = {

/* Begin PBXBuildFile section */
		8E7FC1912A5EC9ED000F8068 /* JWTDemoApp.swift in Sources */ = {isa = PBXBuildFile; fileRef = 8E7FC1902A5EC9ED000F8068 /* JWTDemoApp.swift */; };
		8E7FC1932A5EC9ED000F8068 /* ContentView.swift in Sources */ = {isa = PBXBuildFile; fileRef = 8E7FC1922A5EC9ED000F8068 /* ContentView.swift */; };
		8E7FC1952A5EC9EE000F8068 /* Assets.xcassets in Resources */ = {isa = PBXBuildFile; fileRef = 8E7FC1942A5EC9EE000F8068 /* Assets.xcassets */; };
		8E7FC1992A5EC9EE000F8068 /* Preview Assets.xcassets in Resources */ = {isa = PBXBuildFile; fileRef = 8E7FC1982A5EC9EE000F8068 /* Preview Assets.xcassets */; };
		8E7FC1A02A5ECA19000F8068 /* AppError.swift in Sources */ = {isa = PBXBuildFile; fileRef = 8E7FC19F2A5ECA19000F8068 /* AppError.swift */; };
		8E7FC1A22A5ECAD9000F8068 /* APIService.swift in Sources */ = {isa = PBXBuildFile; fileRef = 8E7FC1A12A5ECAD9000F8068 /* APIService.swift */; };
		8E7FC1A82A5ED1CB000F8068 /* LoginRequestModel.swift in Sources */ = {isa = PBXBuildFile; fileRef = 8E7FC1A72A5ED1CB000F8068 /* LoginRequestModel.swift */; };
		8E7FC1AA2A5ED925000F8068 /* LoginResponseModel.swift in Sources */ = {isa = PBXBuildFile; fileRef = 8E7FC1A92A5ED925000F8068 /* LoginResponseModel.swift */; };
		8E7FC1AD2A5EDCFE000F8068 /* ViewModel.swift in Sources */ = {isa = PBXBuildFile; fileRef = 8E7FC1AC2A5EDCFE000F8068 /* ViewModel.swift */; };
		8E7FC1AF2A5EFE76000F8068 /* UserDetailModel.swift in Sources */ = {isa = PBXBuildFile; fileRef = 8E7FC1AE2A5EFE76000F8068 /* UserDetailModel.swift */; };
		8E7FC1B12A5F1A76000F8068 /* UserListView.swift in Sources */ = {isa = PBXBuildFile; fileRef = 8E7FC1B02A5F1A76000F8068 /* UserListView.swift */; };
		8E7FC1B32A602B41000F8068 /* UserDetailView.swift in Sources */ = {isa = PBXBuildFile; fileRef = 8E7FC1B22A602B41000F8068 /* UserDetailView.swift */; };
/* End PBXBuildFile section */

/* Begin PBXFileReference section */
		8E7FC18D2A5EC9ED000F8068 /* JWTDemo.app */ = {isa = PBXFileReference; explicitFileType = wrapper.application; includeInIndex = 0; path = JWTDemo.app; sourceTree = BUILT_PRODUCTS_DIR; };
		8E7FC1902A5EC9ED000F8068 /* JWTDemoApp.swift */ = {isa = PBXFileReference; lastKnownFileType = sourcecode.swift; path = JWTDemoApp.swift; sourceTree = "<group>"; };
		8E7FC1922A5EC9ED000F8068 /* ContentView.swift */ = {isa = PBXFileReference; lastKnownFileType = sourcecode.swift; path = ContentView.swift; sourceTree = "<group>"; };
		8E7FC1942A5EC9EE000F8068 /* Assets.xcassets */ = {isa = PBXFileReference; lastKnownFileType = folder.assetcatalog; path = Assets.xcassets; sourceTree = "<group>"; };
		8E7FC1962A5EC9EE000F8068 /* JWTDemo.entitlements */ = {isa = PBXFileReference; lastKnownFileType = text.plist.entitlements; path = JWTDemo.entitlements; sourceTree = "<group>"; };
		8E7FC1982A5EC9EE000F8068 /* Preview Assets.xcassets */ = {isa = PBXFileReference; lastKnownFileType = folder.assetcatalog; path = "Preview Assets.xcassets"; sourceTree = "<group>"; };
		8E7FC19F2A5ECA19000F8068 /* AppError.swift */ = {isa = PBXFileReference; lastKnownFileType = sourcecode.swift; path = AppError.swift; sourceTree = "<group>"; };
		8E7FC1A12A5ECAD9000F8068 /* APIService.swift */ = {isa = PBXFileReference; lastKnownFileType = sourcecode.swift; path = APIService.swift; sourceTree = "<group>"; };
		8E7FC1A72A5ED1CB000F8068 /* LoginRequestModel.swift */ = {isa = PBXFileReference; lastKnownFileType = sourcecode.swift; path = LoginRequestModel.swift; sourceTree = "<group>"; };
		8E7FC1A92A5ED925000F8068 /* LoginResponseModel.swift */ = {isa = PBXFileReference; lastKnownFileType = sourcecode.swift; path = LoginResponseModel.swift; sourceTree = "<group>"; };
		8E7FC1AC2A5EDCFE000F8068 /* ViewModel.swift */ = {isa = PBXFileReference; lastKnownFileType = sourcecode.swift; path = ViewModel.swift; sourceTree = "<group>"; };
		8E7FC1AE2A5EFE76000F8068 /* UserDetailModel.swift */ = {isa = PBXFileReference; lastKnownFileType = sourcecode.swift; path = UserDetailModel.swift; sourceTree = "<group>"; };
		8E7FC1B02A5F1A76000F8068 /* UserListView.swift */ = {isa = PBXFileReference; lastKnownFileType = sourcecode.swift; path = UserListView.swift; sourceTree = "<group>"; };
		8E7FC1B22A602B41000F8068 /* UserDetailView.swift */ = {isa = PBXFileReference; lastKnownFileType = sourcecode.swift; path = UserDetailView.swift; sourceTree = "<group>"; };
/* End PBXFileReference section */

/* Begin PBXFrameworksBuildPhase section */
		8E7FC18A2A5EC9ED000F8068 /* Frameworks */ = {
			isa = PBXFrameworksBuildPhase;
			buildActionMask = 2147483647;
			files = (
			);
			runOnlyForDeploymentPostprocessing = 0;
		};
/* End PBXFrameworksBuildPhase section */

/* Begin PBXGroup section */
		8E7FC1842A5EC9ED000F8068 = {
			isa = PBXGroup;
			children = (
				8E7FC18F2A5EC9ED000F8068 /* JWTDemo */,
				8E7FC18E2A5EC9ED000F8068 /* Products */,
			);
			sourceTree = "<group>";
		};
		8E7FC18E2A5EC9ED000F8068 /* Products */ = {
			isa = PBXGroup;
			children = (
				8E7FC18D2A5EC9ED000F8068 /* JWTDemo.app */,
			);
			name = Products;
			sourceTree = "<group>";
		};
		8E7FC18F2A5EC9ED000F8068 /* JWTDemo */ = {
			isa = PBXGroup;
			children = (
				8E7FC1AB2A5EDCE3000F8068 /* ViewModel */,
				8E7FC1A62A5ED1B0000F8068 /* Model */,
				8E7FC1A52A5ED19E000F8068 /* View */,
				8E7FC1A42A5ED188000F8068 /* Enum */,
				8E7FC1A32A5ED16D000F8068 /* Service */,
				8E7FC1902A5EC9ED000F8068 /* JWTDemoApp.swift */,
				8E7FC1942A5EC9EE000F8068 /* Assets.xcassets */,
				8E7FC1962A5EC9EE000F8068 /* JWTDemo.entitlements */,
				8E7FC1972A5EC9EE000F8068 /* Preview Content */,
			);
			path = JWTDemo;
			sourceTree = "<group>";
		};
		8E7FC1972A5EC9EE000F8068 /* Preview Content */ = {
			isa = PBXGroup;
			children = (
				8E7FC1982A5EC9EE000F8068 /* Preview Assets.xcassets */,
			);
			path = "Preview Content";
			sourceTree = "<group>";
		};
		8E7FC1A32A5ED16D000F8068 /* Service */ = {
			isa = PBXGroup;
			children = (
				8E7FC1A12A5ECAD9000F8068 /* APIService.swift */,
			);
			path = Service;
			sourceTree = "<group>";
		};
		8E7FC1A42A5ED188000F8068 /* Enum */ = {
			isa = PBXGroup;
			children = (
				8E7FC19F2A5ECA19000F8068 /* AppError.swift */,
			);
			path = Enum;
			sourceTree = "<group>";
		};
		8E7FC1A52A5ED19E000F8068 /* View */ = {
			isa = PBXGroup;
			children = (
				8E7FC1922A5EC9ED000F8068 /* ContentView.swift */,
				8E7FC1B02A5F1A76000F8068 /* UserListView.swift */,
				8E7FC1B22A602B41000F8068 /* UserDetailView.swift */,
			);
			path = View;
			sourceTree = "<group>";
		};
		8E7FC1A62A5ED1B0000F8068 /* Model */ = {
			isa = PBXGroup;
			children = (
				8E7FC1A72A5ED1CB000F8068 /* LoginRequestModel.swift */,
				8E7FC1A92A5ED925000F8068 /* LoginResponseModel.swift */,
				8E7FC1AE2A5EFE76000F8068 /* UserDetailModel.swift */,
			);
			path = Model;
			sourceTree = "<group>";
		};
		8E7FC1AB2A5EDCE3000F8068 /* ViewModel */ = {
			isa = PBXGroup;
			children = (
				8E7FC1AC2A5EDCFE000F8068 /* ViewModel.swift */,
			);
			path = ViewModel;
			sourceTree = "<group>";
		};
/* End PBXGroup section */

/* Begin PBXNativeTarget section */
		8E7FC18C2A5EC9ED000F8068 /* JWTDemo */ = {
			isa = PBXNativeTarget;
			buildConfigurationList = 8E7FC19C2A5EC9EE000F8068 /* Build configuration list for PBXNativeTarget "JWTDemo" */;
			buildPhases = (
				8E7FC1892A5EC9ED000F8068 /* Sources */,
				8E7FC18A2A5EC9ED000F8068 /* Frameworks */,
				8E7FC18B2A5EC9ED000F8068 /* Resources */,
			);
			buildRules = (
			);
			dependencies = (
			);
			name = JWTDemo;
			productName = JWTDemo;
			productReference = 8E7FC18D2A5EC9ED000F8068 /* JWTDemo.app */;
			productType = "com.apple.product-type.application";
		};
/* End PBXNativeTarget section */

/* Begin PBXProject section */
		8E7FC1852A5EC9ED000F8068 /* Project object */ = {
			isa = PBXProject;
			attributes = {
				BuildIndependentTargetsInParallel = 1;
				LastSwiftUpdateCheck = 1430;
				LastUpgradeCheck = 1430;
				TargetAttributes = {
					8E7FC18C2A5EC9ED000F8068 = {
						CreatedOnToolsVersion = 14.3.1;
					};
				};
			};
			buildConfigurationList = 8E7FC1882A5EC9ED000F8068 /* Build configuration list for PBXProject "JWTDemo" */;
			compatibilityVersion = "Xcode 14.0";
			developmentRegion = en;
			hasScannedForEncodings = 0;
			knownRegions = (
				en,
				Base,
			);
			mainGroup = 8E7FC1842A5EC9ED000F8068;
			productRefGroup = 8E7FC18E2A5EC9ED000F8068 /* Products */;
			projectDirPath = "";
			projectRoot = "";
			targets = (
				8E7FC18C2A5EC9ED000F8068 /* JWTDemo */,
			);
		};
/* End PBXProject section */

/* Begin PBXResourcesBuildPhase section */
		8E7FC18B2A5EC9ED000F8068 /* Resources */ = {
			isa = PBXResourcesBuildPhase;
			buildActionMask = 2147483647;
			files = (
				8E7FC1992A5EC9EE000F8068 /* Preview Assets.xcassets in Resources */,
				8E7FC1952A5EC9EE000F8068 /* Assets.xcassets in Resources */,
			);
			runOnlyForDeploymentPostprocessing = 0;
		};
/* End PBXResourcesBuildPhase section */

/* Begin PBXSourcesBuildPhase section */
		8E7FC1892A5EC9ED000F8068 /* Sources */ = {
			isa = PBXSourcesBuildPhase;
			buildActionMask = 2147483647;
			files = (
				8E7FC1AA2A5ED925000F8068 /* LoginResponseModel.swift in Sources */,
				8E7FC1B12A5F1A76000F8068 /* UserListView.swift in Sources */,
				8E7FC1932A5EC9ED000F8068 /* ContentView.swift in Sources */,
				8E7FC1A82A5ED1CB000F8068 /* LoginRequestModel.swift in Sources */,
				8E7FC1AF2A5EFE76000F8068 /* UserDetailModel.swift in Sources */,
				8E7FC1912A5EC9ED000F8068 /* JWTDemoApp.swift in Sources */,
				8E7FC1A22A5ECAD9000F8068 /* APIService.swift in Sources */,
				8E7FC1A02A5ECA19000F8068 /* AppError.swift in Sources */,
				8E7FC1B32A602B41000F8068 /* UserDetailView.swift in Sources */,
				8E7FC1AD2A5EDCFE000F8068 /* ViewModel.swift in Sources */,
			);
			runOnlyForDeploymentPostprocessing = 0;
		};
/* End PBXSourcesBuildPhase section */

/* Begin XCBuildConfiguration section */
		8E7FC19A2A5EC9EE000F8068 /* Debug */ = {
			isa = XCBuildConfiguration;
			buildSettings = {
				ALWAYS_SEARCH_USER_PATHS = NO;
				CLANG_ANALYZER_NONNULL = YES;
				CLANG_ANALYZER_NUMBER_OBJECT_CONVERSION = YES_AGGRESSIVE;
				CLANG_CXX_LANGUAGE_STANDARD = "gnu++20";
				CLANG_ENABLE_MODULES = YES;
				CLANG_ENABLE_OBJC_ARC = YES;
				CLANG_ENABLE_OBJC_WEAK = YES;
				CLANG_WARN_BLOCK_CAPTURE_AUTORELEASING = YES;
				CLANG_WARN_BOOL_CONVERSION = YES;
				CLANG_WARN_COMMA = YES;
				CLANG_WARN_CONSTANT_CONVERSION = YES;
				CLANG_WARN_DEPRECATED_OBJC_IMPLEMENTATIONS = YES;
				CLANG_WARN_DIRECT_OBJC_ISA_USAGE = YES_ERROR;
				CLANG_WARN_DOCUMENTATION_COMMENTS = YES;
				CLANG_WARN_EMPTY_BODY = YES;
				CLANG_WARN_ENUM_CONVERSION = YES;
				CLANG_WARN_INFINITE_RECURSION = YES;
				CLANG_WARN_INT_CONVERSION = YES;
				CLANG_WARN_NON_LITERAL_NULL_CONVERSION = YES;
				CLANG_WARN_OBJC_IMPLICIT_RETAIN_SELF = YES;
				CLANG_WARN_OBJC_LITERAL_CONVERSION = YES;
				CLANG_WARN_OBJC_ROOT_CLASS = YES_ERROR;
				CLANG_WARN_QUOTED_INCLUDE_IN_FRAMEWORK_HEADER = YES;
				CLANG_WARN_RANGE_LOOP_ANALYSIS = YES;
				CLANG_WARN_STRICT_PROTOTYPES = YES;
				CLANG_WARN_SUSPICIOUS_MOVE = YES;
				CLANG_WARN_UNGUARDED_AVAILABILITY = YES_AGGRESSIVE;
				CLANG_WARN_UNREACHABLE_CODE = YES;
				CLANG_WARN__DUPLICATE_METHOD_MATCH = YES;
				COPY_PHASE_STRIP = NO;
				DEBUG_INFORMATION_FORMAT = dwarf;
				ENABLE_STRICT_OBJC_MSGSEND = YES;
				ENABLE_TESTABILITY = YES;
				GCC_C_LANGUAGE_STANDARD = gnu11;
				GCC_DYNAMIC_NO_PIC = NO;
				GCC_NO_COMMON_BLOCKS = YES;
				GCC_OPTIMIZATION_LEVEL = 0;
				GCC_PREPROCESSOR_DEFINITIONS = (
					"DEBUG=1",
					"$(inherited)",
				);
				GCC_WARN_64_TO_32_BIT_CONVERSION = YES;
				GCC_WARN_ABOUT_RETURN_TYPE = YES_ERROR;
				GCC_WARN_UNDECLARED_SELECTOR = YES;
				GCC_WARN_UNINITIALIZED_AUTOS = YES_AGGRESSIVE;
				GCC_WARN_UNUSED_FUNCTION = YES;
				GCC_WARN_UNUSED_VARIABLE = YES;
				MTL_ENABLE_DEBUG_INFO = INCLUDE_SOURCE;
				MTL_FAST_MATH = YES;
				ONLY_ACTIVE_ARCH = YES;
				SWIFT_ACTIVE_COMPILATION_CONDITIONS = DEBUG;
				SWIFT_OPTIMIZATION_LEVEL = "-Onone";
			};
			name = Debug;
		};
		8E7FC19B2A5EC9EE000F8068 /* Release */ = {
			isa = XCBuildConfiguration;
			buildSettings = {
				ALWAYS_SEARCH_USER_PATHS = NO;
				CLANG_ANALYZER_NONNULL = YES;
				CLANG_ANALYZER_NUMBER_OBJECT_CONVERSION = YES_AGGRESSIVE;
				CLANG_CXX_LANGUAGE_STANDARD = "gnu++20";
				CLANG_ENABLE_MODULES = YES;
				CLANG_ENABLE_OBJC_ARC = YES;
				CLANG_ENABLE_OBJC_WEAK = YES;
				CLANG_WARN_BLOCK_CAPTURE_AUTORELEASING = YES;
				CLANG_WARN_BOOL_CONVERSION = YES;
				CLANG_WARN_COMMA = YES;
				CLANG_WARN_CONSTANT_CONVERSION = YES;
				CLANG_WARN_DEPRECATED_OBJC_IMPLEMENTATIONS = YES;
				CLANG_WARN_DIRECT_OBJC_ISA_USAGE = YES_ERROR;
				CLANG_WARN_DOCUMENTATION_COMMENTS = YES;
				CLANG_WARN_EMPTY_BODY = YES;
				CLANG_WARN_ENUM_CONVERSION = YES;
				CLANG_WARN_INFINITE_RECURSION = YES;
				CLANG_WARN_INT_CONVERSION = YES;
				CLANG_WARN_NON_LITERAL_NULL_CONVERSION = YES;
				CLANG_WARN_OBJC_IMPLICIT_RETAIN_SELF = YES;
				CLANG_WARN_OBJC_LITERAL_CONVERSION = YES;
				CLANG_WARN_OBJC_ROOT_CLASS = YES_ERROR;
				CLANG_WARN_QUOTED_INCLUDE_IN_FRAMEWORK_HEADER = YES;
				CLANG_WARN_RANGE_LOOP_ANALYSIS = YES;
				CLANG_WARN_STRICT_PROTOTYPES = YES;
				CLANG_WARN_SUSPICIOUS_MOVE = YES;
				CLANG_WARN_UNGUARDED_AVAILABILITY = YES_AGGRESSIVE;
				CLANG_WARN_UNREACHABLE_CODE = YES;
				CLANG_WARN__DUPLICATE_METHOD_MATCH = YES;
				COPY_PHASE_STRIP = NO;
				DEBUG_INFORMATION_FORMAT = "dwarf-with-dsym";
				ENABLE_NS_ASSERTIONS = NO;
				ENABLE_STRICT_OBJC_MSGSEND = YES;
				GCC_C_LANGUAGE_STANDARD = gnu11;
				GCC_NO_COMMON_BLOCKS = YES;
				GCC_WARN_64_TO_32_BIT_CONVERSION = YES;
				GCC_WARN_ABOUT_RETURN_TYPE = YES_ERROR;
				GCC_WARN_UNDECLARED_SELECTOR = YES;
				GCC_WARN_UNINITIALIZED_AUTOS = YES_AGGRESSIVE;
				GCC_WARN_UNUSED_FUNCTION = YES;
				GCC_WARN_UNUSED_VARIABLE = YES;
				MTL_ENABLE_DEBUG_INFO = NO;
				MTL_FAST_MATH = YES;
				SWIFT_COMPILATION_MODE = wholemodule;
				SWIFT_OPTIMIZATION_LEVEL = "-O";
			};
			name = Release;
		};
		8E7FC19D2A5EC9EE000F8068 /* Debug */ = {
			isa = XCBuildConfiguration;
			buildSettings = {
				ASSETCATALOG_COMPILER_APPICON_NAME = AppIcon;
				ASSETCATALOG_COMPILER_GLOBAL_ACCENT_COLOR_NAME = AccentColor;
				CODE_SIGN_ENTITLEMENTS = JWTDemo/JWTDemo.entitlements;
				CODE_SIGN_STYLE = Automatic;
				CURRENT_PROJECT_VERSION = 1;
				DEVELOPMENT_ASSET_PATHS = "\"JWTDemo/Preview Content\"";
				DEVELOPMENT_TEAM = 7X8WVYDFHZ;
				ENABLE_HARDENED_RUNTIME = YES;
				ENABLE_PREVIEWS = YES;
				GENERATE_INFOPLIST_FILE = YES;
				"INFOPLIST_KEY_UIApplicationSceneManifest_Generation[sdk=iphoneos*]" = YES;
				"INFOPLIST_KEY_UIApplicationSceneManifest_Generation[sdk=iphonesimulator*]" = YES;
				"INFOPLIST_KEY_UIApplicationSupportsIndirectInputEvents[sdk=iphoneos*]" = YES;
				"INFOPLIST_KEY_UIApplicationSupportsIndirectInputEvents[sdk=iphonesimulator*]" = YES;
				"INFOPLIST_KEY_UILaunchScreen_Generation[sdk=iphoneos*]" = YES;
				"INFOPLIST_KEY_UILaunchScreen_Generation[sdk=iphonesimulator*]" = YES;
				"INFOPLIST_KEY_UIStatusBarStyle[sdk=iphoneos*]" = UIStatusBarStyleDefault;
				"INFOPLIST_KEY_UIStatusBarStyle[sdk=iphonesimulator*]" = UIStatusBarStyleDefault;
				INFOPLIST_KEY_UISupportedInterfaceOrientations_iPad = "UIInterfaceOrientationPortrait UIInterfaceOrientationPortraitUpsideDown UIInterfaceOrientationLandscapeLeft UIInterfaceOrientationLandscapeRight";
				INFOPLIST_KEY_UISupportedInterfaceOrientations_iPhone = "UIInterfaceOrientationPortrait UIInterfaceOrientationLandscapeLeft UIInterfaceOrientationLandscapeRight";
				IPHONEOS_DEPLOYMENT_TARGET = 16.4;
				LD_RUNPATH_SEARCH_PATHS = "@executable_path/Frameworks";
				"LD_RUNPATH_SEARCH_PATHS[sdk=macosx*]" = "@executable_path/../Frameworks";
				MACOSX_DEPLOYMENT_TARGET = 13.3;
				MARKETING_VERSION = 1.0;
				PRODUCT_BUNDLE_IDENTIFIER = de.chapter..JWTDemo;
				PRODUCT_NAME = "$(TARGET_NAME)";
				SDKROOT = auto;
				SUPPORTED_PLATFORMS = "iphoneos iphonesimulator macosx";
				SWIFT_EMIT_LOC_STRINGS = YES;
				SWIFT_VERSION = 5.0;
				TARGETED_DEVICE_FAMILY = "1,2";
			};
			name = Debug;
		};
		8E7FC19E2A5EC9EE000F8068 /* Release */ = {
			isa = XCBuildConfiguration;
			buildSettings = {
				ASSETCATALOG_COMPILER_APPICON_NAME = AppIcon;
				ASSETCATALOG_COMPILER_GLOBAL_ACCENT_COLOR_NAME = AccentColor;
				CODE_SIGN_ENTITLEMENTS = JWTDemo/JWTDemo.entitlements;
				CODE_SIGN_STYLE = Automatic;
				CURRENT_PROJECT_VERSION = 1;
				DEVELOPMENT_ASSET_PATHS = "\"JWTDemo/Preview Content\"";
				DEVELOPMENT_TEAM = 7X8WVYDFHZ;
				ENABLE_HARDENED_RUNTIME = YES;
				ENABLE_PREVIEWS = YES;
				GENERATE_INFOPLIST_FILE = YES;
				"INFOPLIST_KEY_UIApplicationSceneManifest_Generation[sdk=iphoneos*]" = YES;
				"INFOPLIST_KEY_UIApplicationSceneManifest_Generation[sdk=iphonesimulator*]" = YES;
				"INFOPLIST_KEY_UIApplicationSupportsIndirectInputEvents[sdk=iphoneos*]" = YES;
				"INFOPLIST_KEY_UIApplicationSupportsIndirectInputEvents[sdk=iphonesimulator*]" = YES;
				"INFOPLIST_KEY_UILaunchScreen_Generation[sdk=iphoneos*]" = YES;
				"INFOPLIST_KEY_UILaunchScreen_Generation[sdk=iphonesimulator*]" = YES;
				"INFOPLIST_KEY_UIStatusBarStyle[sdk=iphoneos*]" = UIStatusBarStyleDefault;
				"INFOPLIST_KEY_UIStatusBarStyle[sdk=iphonesimulator*]" = UIStatusBarStyleDefault;
				INFOPLIST_KEY_UISupportedInterfaceOrientations_iPad = "UIInterfaceOrientationPortrait UIInterfaceOrientationPortraitUpsideDown UIInterfaceOrientationLandscapeLeft UIInterfaceOrientationLandscapeRight";
				INFOPLIST_KEY_UISupportedInterfaceOrientations_iPhone = "UIInterfaceOrientationPortrait UIInterfaceOrientationLandscapeLeft UIInterfaceOrientationLandscapeRight";
				IPHONEOS_DEPLOYMENT_TARGET = 16.4;
				LD_RUNPATH_SEARCH_PATHS = "@executable_path/Frameworks";
				"LD_RUNPATH_SEARCH_PATHS[sdk=macosx*]" = "@executable_path/../Frameworks";
				MACOSX_DEPLOYMENT_TARGET = 13.3;
				MARKETING_VERSION = 1.0;
				PRODUCT_BUNDLE_IDENTIFIER = de.chapter..JWTDemo;
				PRODUCT_NAME = "$(TARGET_NAME)";
				SDKROOT = auto;
				SUPPORTED_PLATFORMS = "iphoneos iphonesimulator macosx";
				SWIFT_EMIT_LOC_STRINGS = YES;
				SWIFT_VERSION = 5.0;
				TARGETED_DEVICE_FAMILY = "1,2";
			};
			name = Release;
		};
/* End XCBuildConfiguration section */

/* Begin XCConfigurationList section */
		8E7FC1882A5EC9ED000F8068 /* Build configuration list for PBXProject "JWTDemo" */ = {
			isa = XCConfigurationList;
			buildConfigurations = (
				8E7FC19A2A5EC9EE000F8068 /* Debug */,
				8E7FC19B2A5EC9EE000F8068 /* Release */,
			);
			defaultConfigurationIsVisible = 0;
			defaultConfigurationName = Release;
		};
		8E7FC19C2A5EC9EE000F8068 /* Build configuration list for PBXNativeTarget "JWTDemo" */ = {
			isa = XCConfigurationList;
			buildConfigurations = (
				8E7FC19D2A5EC9EE000F8068 /* Debug */,
				8E7FC19E2A5EC9EE000F8068 /* Release */,
			);
			defaultConfigurationIsVisible = 0;
			defaultConfigurationName = Release;
		};
/* End XCConfigurationList section */
	};
	rootObject = 8E7FC1852A5EC9ED000F8068 /* Project object */;
}
